<?xml version="1.0" encoding="utf-8"?>
<Project ToolsVersion="4.0" xmlns="http://schemas.microsoft.com/developer/msbuild/2003">
  <ItemGroup>
    <Filter Include="Source files">
      <UniqueIdentifier>{13470897-930b-4a2b-85b7-3ee8cc372296}</UniqueIdentifier>
      <Extensions>cpp;c;cc;cxx;def;odl;idl;hpj;bat;asm;asmx</Extensions>
    </Filter>
    <Filter Include="Header files">
      <UniqueIdentifier>{98dba288-5058-497e-a35f-fcc051717ff4}</UniqueIdentifier>
      <Extensions>h;hpp;hxx;hm;inl;inc;xsd</Extensions>
    </Filter>
    <Filter Include="Resource files">
      <UniqueIdentifier>{baa7739e-d367-4957-9ebd-1348a7831e34}</UniqueIdentifier>
      <Extensions>rc;ico;cur;bmp;dlg;rc2;rct;bin;rgs;gif;jpg;jpeg;jpe;resx;tiff;tif;png;wav</Extensions>
    </Filter>
    <Filter Include="Source files\Device-specific files">
      <UniqueIdentifier>{df994baf-6d00-4973-b4d7-c217ba29e78f}</UniqueIdentifier>
    </Filter>
    <Filter Include="Source files\Device-specific files\BLE Common">
      <UniqueIdentifier>{0a7a08a1-bad0-43fb-ba8c-2d951fb64b75}</UniqueIdentifier>
    </Filter>
    <Filter Include="Source files\Device-specific files\BLE GATT Queue">
      <UniqueIdentifier>{246aed50-e0cb-4c6f-8a71-4a4fb4314ffb}</UniqueIdentifier>
    </Filter>
    <Filter Include="Source files\Device-specific files\BLE Link Context Manager">
      <UniqueIdentifier>{2fe762a4-abb1-47e0-adc2-7d98aa76657c}</UniqueIdentifier>
    </Filter>
    <Filter Include="Source files\Device-specific files\BLE Queued Writes module">
      <UniqueIdentifier>{32d8604e-0639-49b4-99b1-d4783adad3fe}</UniqueIdentifier>
    </Filter>
    <Filter Include="Source files\Device-specific files\Legacy Peripheral Drivers">
      <UniqueIdentifier>{88982522-2fb5-4e54-becd-86da2dd79c72}</UniqueIdentifier>
    </Filter>
    <Filter Include="Source files\Device-specific files\Utils">
      <UniqueIdentifier>{eeab51e1-89fe-41c0-aa57-59233d8f8ead}</UniqueIdentifier>
    </Filter>
    <Filter Include="Source files\Device-specific files\Boards">
      <UniqueIdentifier>{2df03d09-7dae-4438-9fd3-1644252acbf1}</UniqueIdentifier>
    </Filter>
    <Filter Include="Source files\Device-specific files\Libraries">
      <UniqueIdentifier>{69b24e0b-a935-4fd3-bf5c-0e7fdb2c2455}</UniqueIdentifier>
    </Filter>
    <Filter Include="Source files\Device-specific files\Peripheral Drivers">
      <UniqueIdentifier>{98d9fbda-b3cd-404b-a9b9-87b20f97fa02}</UniqueIdentifier>
    </Filter>
    <Filter Include="Source files\Device-specific files\Peripheral Drivers (Old)">
      <UniqueIdentifier>{5b267a48-bedf-4f8d-8140-fe8143659658}</UniqueIdentifier>
    </Filter>
    <Filter Include="Header files\Device-specific files">
      <UniqueIdentifier>{58a3b585-5d4c-49bd-85ed-ef2edd992c7d}</UniqueIdentifier>
    </Filter>
    <Filter Include="Header files\Device-specific files\BLE Common">
      <UniqueIdentifier>{39a0e3ff-58df-4a28-912e-012885b449c5}</UniqueIdentifier>
    </Filter>
    <Filter Include="Header files\Device-specific files\BLE GATT Queue">
      <UniqueIdentifier>{4b848296-34ce-430d-ab41-3881be0642bc}</UniqueIdentifier>
    </Filter>
    <Filter Include="Header files\Device-specific files\BLE Link Context Manager">
      <UniqueIdentifier>{fc86812b-1e36-4bcf-b152-2176c5854ebb}</UniqueIdentifier>
    </Filter>
    <Filter Include="Header files\Device-specific files\BLE Queued Writes module">
      <UniqueIdentifier>{37b06ab5-cf16-4dac-9a48-c3a5aeceea3a}</UniqueIdentifier>
    </Filter>
    <Filter Include="Header files\Device-specific files\Legacy Peripheral Drivers">
      <UniqueIdentifier>{d2fe9e3c-a776-4b06-829f-1cccae9a1b5d}</UniqueIdentifier>
    </Filter>
    <Filter Include="Header files\Device-specific files\Utils">
      <UniqueIdentifier>{a8522f23-5496-4eae-8d47-b39970e9e7c8}</UniqueIdentifier>
    </Filter>
    <Filter Include="Header files\Device-specific files\Boards">
      <UniqueIdentifier>{f5a9f654-fac8-467e-b4dc-35c7adbb1495}</UniqueIdentifier>
    </Filter>
    <Filter Include="Header files\Device-specific files\Libraries">
      <UniqueIdentifier>{4eaefbed-f6a1-4f14-91f9-7d995d33c715}</UniqueIdentifier>
    </Filter>
    <Filter Include="Header files\Device-specific files\Peripheral Drivers">
      <UniqueIdentifier>{8bf81254-d606-42f8-a499-5548df2624e6}</UniqueIdentifier>
    </Filter>
    <Filter Include="Header files\Device-specific files\Peripheral Drivers (Old)">
      <UniqueIdentifier>{355ee589-d551-46b4-8150-3da9fbcf6125}</UniqueIdentifier>
    </Filter>
    <Filter Include="VisualGDB settings">
      <UniqueIdentifier>{bb74869c-3007-40dd-a4e4-55c038e3e196}</UniqueIdentifier>
    </Filter>
    <Filter Include="Source files\Device-specific files\BLE Advertising Module">
      <UniqueIdentifier>{37966802-b1cf-452e-b28c-9ab29e760cb3}</UniqueIdentifier>
    </Filter>
    <Filter Include="Source files\Device-specific files\BLE Battery Service">
      <UniqueIdentifier>{d9b7960e-8b01-4fd4-8b8e-a6b61df16b6c}</UniqueIdentifier>
    </Filter>
    <Filter Include="Source files\Device-specific files\BLE Blood Pressure Service">
      <UniqueIdentifier>{28fdd502-72f9-40af-acca-422e4fd630f1}</UniqueIdentifier>
    </Filter>
    <Filter Include="Source files\Device-specific files\BLE Device Information Service">
      <UniqueIdentifier>{4133cf20-bb57-4b72-8c69-44dbc1cb8911}</UniqueIdentifier>
    </Filter>
    <Filter Include="Source files\Device-specific files\GATT">
      <UniqueIdentifier>{6b79296e-d478-47d6-a944-80b6894472dc}</UniqueIdentifier>
    </Filter>
    <Filter Include="Source files\Device-specific files\Peer Manager">
      <UniqueIdentifier>{57ac1d18-680d-4786-953e-3eb9b6f833cf}</UniqueIdentifier>
    </Filter>
    <Filter Include="Header files\Device-specific files\BLE Advertising Module">
      <UniqueIdentifier>{303e9952-9e19-4c98-9d5f-26dd0647a6e9}</UniqueIdentifier>
    </Filter>
    <Filter Include="Header files\Device-specific files\BLE Battery Service">
      <UniqueIdentifier>{b0dacbbf-655e-4779-8965-fcda89601da0}</UniqueIdentifier>
    </Filter>
    <Filter Include="Header files\Device-specific files\BLE Blood Pressure Service">
      <UniqueIdentifier>{56c00961-5fbe-4ff5-af18-be8049fb43f6}</UniqueIdentifier>
    </Filter>
    <Filter Include="Header files\Device-specific files\BLE Device Information Service">
      <UniqueIdentifier>{73d4a970-cef1-4592-b4c0-0d381e7ce4b8}</UniqueIdentifier>
    </Filter>
    <Filter Include="Header files\Device-specific files\GATT">
      <UniqueIdentifier>{fbf52409-228a-4dea-9993-17716f87cd7d}</UniqueIdentifier>
    </Filter>
    <Filter Include="Header files\Device-specific files\Peer Manager">
      <UniqueIdentifier>{34aff8a2-b20c-454e-9468-0e7767ad3f19}</UniqueIdentifier>
    </Filter>
  </ItemGroup>
  <ItemGroup>
    <ClCompile Include="main.c">
      <Filter>Source files</Filter>
    </ClCompile>
    <None Include="nrf5x.props">
      <Filter>Source files\Device-specific files</Filter>
    </None>
    <ClCompile Include="$(BSP_ROOT)\nRF5x\modules\nrfx\mdk\system_nrf52840.c">
      <Filter>Source files\Device-specific files</Filter>
    </ClCompile>
    <ClCompile Include="$(BSP_ROOT)\nRF5x\modules\nrfx\mdk\gcc_startup_nrf52840.S">
      <Filter>Source files\Device-specific files</Filter>
    </ClCompile>
    <ClCompile Include="$(BSP_ROOT)\nRF5x\components\ble\common\ble_advdata.c">
      <Filter>Source files\Device-specific files\BLE Common</Filter>
    </ClCompile>
    <ClCompile Include="$(BSP_ROOT)\nRF5x\components\ble\common\ble_conn_params.c">
      <Filter>Source files\Device-specific files\BLE Common</Filter>
    </ClCompile>
    <ClCompile Include="$(BSP_ROOT)\nRF5x\components\ble\common\ble_conn_state.c">
      <Filter>Source files\Device-specific files\BLE Common</Filter>
    </ClCompile>
    <ClCompile Include="$(BSP_ROOT)\nRF5x\components\ble\common\ble_srv_common.c">
      <Filter>Source files\Device-specific files\BLE Common</Filter>
    </ClCompile>
    <ClCompile Include="$(BSP_ROOT)\nRF5x\components\ble\nrf_ble_gq\nrf_ble_gq.c">
      <Filter>Source files\Device-specific files\BLE GATT Queue</Filter>
    </ClCompile>
    <ClCompile Include="$(BSP_ROOT)\nRF5x\components\ble\ble_link_ctx_manager\ble_link_ctx_manager.c">
      <Filter>Source files\Device-specific files\BLE Link Context Manager</Filter>
    </ClCompile>
    <ClCompile Include="$(BSP_ROOT)\nRF5x\components\ble\nrf_ble_qwr\nrf_ble_qwr.c">
      <Filter>Source files\Device-specific files\BLE Queued Writes module</Filter>
    </ClCompile>
    <ClCompile Include="$(BSP_ROOT)\nRF5x\integration\nrfx\legacy\nrf_drv_power.c">
      <Filter>Source files\Device-specific files\Legacy Peripheral Drivers</Filter>
    </ClCompile>
    <ClCompile Include="$(BSP_ROOT)\nRF5x\integration\nrfx\legacy\nrf_drv_rng.c">
      <Filter>Source files\Device-specific files\Legacy Peripheral Drivers</Filter>
    </ClCompile>
    <ClCompile Include="$(BSP_ROOT)\nRF5x\integration\nrfx\legacy\nrf_drv_uart.c">
      <Filter>Source files\Device-specific files\Legacy Peripheral Drivers</Filter>
    </ClCompile>
    <ClCompile Include="$(BSP_ROOT)\nRF5x\components\libraries\util\app_error.c">
      <Filter>Source files\Device-specific files\Utils</Filter>
    </ClCompile>
    <ClCompile Include="$(BSP_ROOT)\nRF5x\components\libraries\util\app_error_handler_gcc.c">
      <Filter>Source files\Device-specific files\Utils</Filter>
    </ClCompile>
    <ClCompile Include="$(BSP_ROOT)\nRF5x\components\libraries\util\app_error_weak.c">
      <Filter>Source files\Device-specific files\Utils</Filter>
    </ClCompile>
    <ClCompile Include="$(BSP_ROOT)\nRF5x\components\libraries\util\app_util_platform.c">
      <Filter>Source files\Device-specific files\Utils</Filter>
    </ClCompile>
    <ClCompile Include="$(BSP_ROOT)\nRF5x\components\libraries\util\nrf_assert.c">
      <Filter>Source files\Device-specific files\Utils</Filter>
    </ClCompile>
    <ClCompile Include="$(BSP_ROOT)\nRF5x\components\libraries\util\sdk_mapped_flags.c">
      <Filter>Source files\Device-specific files\Utils</Filter>
    </ClCompile>
    <ClCompile Include="$(BSP_ROOT)\nRF5x\components\boards\boards.c">
      <Filter>Source files\Device-specific files\Boards</Filter>
    </ClCompile>
    <ClCompile Include="$(BSP_ROOT)\nRF5x\components\libraries\atomic\nrf_atomic.c">
      <Filter>Source files\Device-specific files\Libraries</Filter>
    </ClCompile>
    <ClCompile Include="$(BSP_ROOT)\nRF5x\components\libraries\atomic_fifo\nrf_atfifo.c">
      <Filter>Source files\Device-specific files\Libraries</Filter>
    </ClCompile>
    <ClCompile Include="$(BSP_ROOT)\nRF5x\components\libraries\atomic_flags\nrf_atflags.c">
      <Filter>Source files\Device-specific files\Libraries</Filter>
    </ClCompile>
    <ClCompile Include="$(BSP_ROOT)\nRF5x\components\libraries\balloc\nrf_balloc.c">
      <Filter>Source files\Device-specific files\Libraries</Filter>
    </ClCompile>
    <ClCompile Include="$(BSP_ROOT)\nRF5x\components\libraries\bsp\bsp.c">
      <Filter>Source files\Device-specific files\Libraries</Filter>
    </ClCompile>
    <ClCompile Include="$(BSP_ROOT)\nRF5x\components\libraries\bsp\bsp_btn_ant.c">
      <Filter>Source files\Device-specific files\Libraries</Filter>
    </ClCompile>
    <ClCompile Include="$(BSP_ROOT)\nRF5x\components\libraries\bsp\bsp_btn_ble.c">
      <Filter>Source files\Device-specific files\Libraries</Filter>
    </ClCompile>
    <ClCompile Include="$(BSP_ROOT)\nRF5x\components\libraries\bsp\bsp_cli.c">
      <Filter>Source files\Device-specific files\Libraries</Filter>
    </ClCompile>
    <ClCompile Include="$(BSP_ROOT)\nRF5x\components\libraries\bsp\bsp_nfc.c">
      <Filter>Source files\Device-specific files\Libraries</Filter>
    </ClCompile>
    <ClCompile Include="$(BSP_ROOT)\nRF5x\components\libraries\button\app_button.c">
      <Filter>Source files\Device-specific files\Libraries</Filter>
    </ClCompile>
    <ClCompile Include="$(BSP_ROOT)\nRF5x\components\libraries\crc16\crc16.c">
      <Filter>Source files\Device-specific files\Libraries</Filter>
    </ClCompile>
    <ClCompile Include="$(BSP_ROOT)\nRF5x\components\libraries\csense_drv\nrf_drv_csense.c">
      <Filter>Source files\Device-specific files\Libraries</Filter>
    </ClCompile>
    <ClCompile Include="$(BSP_ROOT)\nRF5x\components\libraries\experimental_section_vars\nrf_section_iter.c">
      <Filter>Source files\Device-specific files\Libraries</Filter>
    </ClCompile>
    <ClCompile Include="$(BSP_ROOT)\nRF5x\components\libraries\fifo\app_fifo.c">
      <Filter>Source files\Device-specific files\Libraries</Filter>
    </ClCompile>
    <ClCompile Include="$(BSP_ROOT)\nRF5x\components\libraries\gfx\nrf_gfx.c">
      <Filter>Source files\Device-specific files\Libraries</Filter>
    </ClCompile>
    <ClCompile Include="$(BSP_ROOT)\nRF5x\components\libraries\hardfault\hardfault_implementation.c">
      <Filter>Source files\Device-specific files\Libraries</Filter>
    </ClCompile>
    <ClCompile Include="$(BSP_ROOT)\nRF5x\components\libraries\hci\hci_mem_pool.c">
      <Filter>Source files\Device-specific files\Libraries</Filter>
    </ClCompile>
    <ClCompile Include="$(BSP_ROOT)\nRF5x\components\libraries\hci\hci_slip.c">
      <Filter>Source files\Device-specific files\Libraries</Filter>
    </ClCompile>
    <ClCompile Include="$(BSP_ROOT)\nRF5x\components\libraries\hci\hci_transport.c">
      <Filter>Source files\Device-specific files\Libraries</Filter>
    </ClCompile>
    <ClCompile Include="$(BSP_ROOT)\nRF5x\components\libraries\log\src\nrf_log_backend_flash.c">
      <Filter>Source files\Device-specific files\Libraries</Filter>
    </ClCompile>
    <ClCompile Include="$(BSP_ROOT)\nRF5x\components\libraries\log\src\nrf_log_backend_rtt.c">
      <Filter>Source files\Device-specific files\Libraries</Filter>
    </ClCompile>
    <ClCompile Include="$(BSP_ROOT)\nRF5x\components\libraries\log\src\nrf_log_backend_serial.c">
      <Filter>Source files\Device-specific files\Libraries</Filter>
    </ClCompile>
    <ClCompile Include="$(BSP_ROOT)\nRF5x\components\libraries\log\src\nrf_log_backend_uart.c">
      <Filter>Source files\Device-specific files\Libraries</Filter>
    </ClCompile>
    <ClCompile Include="$(BSP_ROOT)\nRF5x\components\libraries\log\src\nrf_log_default_backends.c">
      <Filter>Source files\Device-specific files\Libraries</Filter>
    </ClCompile>
    <ClCompile Include="$(BSP_ROOT)\nRF5x\components\libraries\log\src\nrf_log_frontend.c">
      <Filter>Source files\Device-specific files\Libraries</Filter>
    </ClCompile>
    <ClCompile Include="$(BSP_ROOT)\nRF5x\components\libraries\log\src\nrf_log_str_formatter.c">
      <Filter>Source files\Device-specific files\Libraries</Filter>
    </ClCompile>
    <ClCompile Include="$(BSP_ROOT)\nRF5x\components\libraries\memobj\nrf_memobj.c">
      <Filter>Source files\Device-specific files\Libraries</Filter>
    </ClCompile>
    <ClCompile Include="$(BSP_ROOT)\nRF5x\components\libraries\pwm\app_pwm.c">
      <Filter>Source files\Device-specific files\Libraries</Filter>
    </ClCompile>
    <ClCompile Include="$(BSP_ROOT)\nRF5x\components\libraries\pwr_mgmt\nrf_pwr_mgmt.c">
      <Filter>Source files\Device-specific files\Libraries</Filter>
    </ClCompile>
    <ClCompile Include="$(BSP_ROOT)\nRF5x\components\libraries\queue\nrf_queue.c">
      <Filter>Source files\Device-specific files\Libraries</Filter>
    </ClCompile>
    <ClCompile Include="$(BSP_ROOT)\nRF5x\components\libraries\ringbuf\nrf_ringbuf.c">
      <Filter>Source files\Device-specific files\Libraries</Filter>
    </ClCompile>
    <ClCompile Include="$(BSP_ROOT)\nRF5x\components\libraries\scheduler\app_scheduler.c">
      <Filter>Source files\Device-specific files\Libraries</Filter>
    </ClCompile>
    <ClCompile Include="$(BSP_ROOT)\nRF5x\components\libraries\sensorsim\sensorsim.c">
      <Filter>Source files\Device-specific files\Libraries</Filter>
    </ClCompile>
    <ClCompile Include="$(BSP_ROOT)\nRF5x\components\libraries\sha256\nrf_sha256.c">
      <Filter>Source files\Device-specific files\Libraries</Filter>
    </ClCompile>
    <ClCompile Include="$(BSP_ROOT)\nRF5x\components\libraries\sortlist\nrf_sortlist.c">
      <Filter>Source files\Device-specific files\Libraries</Filter>
    </ClCompile>
    <ClCompile Include="$(BSP_ROOT)\nRF5x\components\libraries\strerror\nrf_strerror.c">
      <Filter>Source files\Device-specific files\Libraries</Filter>
    </ClCompile>
    <ClCompile Include="$(BSP_ROOT)\nRF5x\components\libraries\timer\app_timer2.c">
      <Filter>Source files\Device-specific files\Libraries</Filter>
    </ClCompile>
    <ClCompile Include="$(BSP_ROOT)\nRF5x\components\libraries\timer\drv_rtc.c">
      <Filter>Source files\Device-specific files\Libraries</Filter>
    </ClCompile>
    <ClCompile Include="$(BSP_ROOT)\nRF5x\components\libraries\uart\retarget.c">
      <Filter>Source files\Device-specific files\Libraries</Filter>
    </ClCompile>
    <ClCompile Include="$(BSP_ROOT)\nRF5x\components\softdevice\common\nrf_sdh.c">
      <Filter>Source files\Device-specific files\Libraries</Filter>
    </ClCompile>
    <ClCompile Include="$(BSP_ROOT)\nRF5x\components\softdevice\common\nrf_sdh_ant.c">
      <Filter>Source files\Device-specific files\Libraries</Filter>
    </ClCompile>
    <ClCompile Include="$(BSP_ROOT)\nRF5x\components\softdevice\common\nrf_sdh_ble.c">
      <Filter>Source files\Device-specific files\Libraries</Filter>
    </ClCompile>
    <ClCompile Include="$(BSP_ROOT)\nRF5x\components\softdevice\common\nrf_sdh_soc.c">
      <Filter>Source files\Device-specific files\Libraries</Filter>
    </ClCompile>
    <ClCompile Include="$(BSP_ROOT)\nRF5x\external\fprintf\nrf_fprintf.c">
      <Filter>Source files\Device-specific files\Libraries</Filter>
    </ClCompile>
    <ClCompile Include="$(BSP_ROOT)\nRF5x\external\fprintf\nrf_fprintf_format.c">
      <Filter>Source files\Device-specific files\Libraries</Filter>
    </ClCompile>
    <ClCompile Include="$(BSP_ROOT)\nRF5x\modules\nrfx\drivers\src\nrfx_adc.c">
      <Filter>Source files\Device-specific files\Peripheral Drivers</Filter>
    </ClCompile>
    <ClCompile Include="$(BSP_ROOT)\nRF5x\modules\nrfx\drivers\src\nrfx_clock.c">
      <Filter>Source files\Device-specific files\Peripheral Drivers</Filter>
    </ClCompile>
    <ClCompile Include="$(BSP_ROOT)\nRF5x\modules\nrfx\drivers\src\nrfx_comp.c">
      <Filter>Source files\Device-specific files\Peripheral Drivers</Filter>
    </ClCompile>
    <ClCompile Include="$(BSP_ROOT)\nRF5x\modules\nrfx\drivers\src\nrfx_dppi.c">
      <Filter>Source files\Device-specific files\Peripheral Drivers</Filter>
    </ClCompile>
    <ClCompile Include="$(BSP_ROOT)\nRF5x\modules\nrfx\drivers\src\nrfx_gpiote.c">
      <Filter>Source files\Device-specific files\Peripheral Drivers</Filter>
    </ClCompile>
    <ClCompile Include="$(BSP_ROOT)\nRF5x\modules\nrfx\drivers\src\nrfx_i2s.c">
      <Filter>Source files\Device-specific files\Peripheral Drivers</Filter>
    </ClCompile>
    <ClCompile Include="$(BSP_ROOT)\nRF5x\modules\nrfx\drivers\src\nrfx_lpcomp.c">
      <Filter>Source files\Device-specific files\Peripheral Drivers</Filter>
    </ClCompile>
    <ClCompile Include="$(BSP_ROOT)\nRF5x\modules\nrfx\drivers\src\nrfx_nfct.c">
      <Filter>Source files\Device-specific files\Peripheral Drivers</Filter>
    </ClCompile>
    <ClCompile Include="$(BSP_ROOT)\nRF5x\modules\nrfx\drivers\src\nrfx_nvmc.c">
      <Filter>Source files\Device-specific files\Peripheral Drivers</Filter>
    </ClCompile>
    <ClCompile Include="$(BSP_ROOT)\nRF5x\modules\nrfx\drivers\src\nrfx_pdm.c">
      <Filter>Source files\Device-specific files\Peripheral Drivers</Filter>
    </ClCompile>
    <ClCompile Include="$(BSP_ROOT)\nRF5x\modules\nrfx\drivers\src\nrfx_power.c">
      <Filter>Source files\Device-specific files\Peripheral Drivers</Filter>
    </ClCompile>
    <ClCompile Include="$(BSP_ROOT)\nRF5x\modules\nrfx\drivers\src\nrfx_ppi.c">
      <Filter>Source files\Device-specific files\Peripheral Drivers</Filter>
    </ClCompile>
    <ClCompile Include="$(BSP_ROOT)\nRF5x\modules\nrfx\drivers\src\nrfx_pwm.c">
      <Filter>Source files\Device-specific files\Peripheral Drivers</Filter>
    </ClCompile>
    <ClCompile Include="$(BSP_ROOT)\nRF5x\modules\nrfx\drivers\src\nrfx_qdec.c">
      <Filter>Source files\Device-specific files\Peripheral Drivers</Filter>
    </ClCompile>
    <ClCompile Include="$(BSP_ROOT)\nRF5x\modules\nrfx\drivers\src\nrfx_qspi.c">
      <Filter>Source files\Device-specific files\Peripheral Drivers</Filter>
    </ClCompile>
    <ClCompile Include="$(BSP_ROOT)\nRF5x\modules\nrfx\drivers\src\nrfx_rng.c">
      <Filter>Source files\Device-specific files\Peripheral Drivers</Filter>
    </ClCompile>
    <ClCompile Include="$(BSP_ROOT)\nRF5x\modules\nrfx\drivers\src\nrfx_rtc.c">
      <Filter>Source files\Device-specific files\Peripheral Drivers</Filter>
    </ClCompile>
    <ClCompile Include="$(BSP_ROOT)\nRF5x\modules\nrfx\drivers\src\nrfx_saadc.c">
      <Filter>Source files\Device-specific files\Peripheral Drivers</Filter>
    </ClCompile>
    <ClCompile Include="$(BSP_ROOT)\nRF5x\modules\nrfx\drivers\src\nrfx_spi.c">
      <Filter>Source files\Device-specific files\Peripheral Drivers</Filter>
    </ClCompile>
    <ClCompile Include="$(BSP_ROOT)\nRF5x\modules\nrfx\drivers\src\nrfx_spim.c">
      <Filter>Source files\Device-specific files\Peripheral Drivers</Filter>
    </ClCompile>
    <ClCompile Include="$(BSP_ROOT)\nRF5x\modules\nrfx\drivers\src\nrfx_spis.c">
      <Filter>Source files\Device-specific files\Peripheral Drivers</Filter>
    </ClCompile>
    <ClCompile Include="$(BSP_ROOT)\nRF5x\modules\nrfx\drivers\src\nrfx_swi.c">
      <Filter>Source files\Device-specific files\Peripheral Drivers</Filter>
    </ClCompile>
    <ClCompile Include="$(BSP_ROOT)\nRF5x\modules\nrfx\drivers\src\nrfx_systick.c">
      <Filter>Source files\Device-specific files\Peripheral Drivers</Filter>
    </ClCompile>
    <ClCompile Include="$(BSP_ROOT)\nRF5x\modules\nrfx\drivers\src\nrfx_temp.c">
      <Filter>Source files\Device-specific files\Peripheral Drivers</Filter>
    </ClCompile>
    <ClCompile Include="$(BSP_ROOT)\nRF5x\modules\nrfx\drivers\src\nrfx_timer.c">
      <Filter>Source files\Device-specific files\Peripheral Drivers</Filter>
    </ClCompile>
    <ClCompile Include="$(BSP_ROOT)\nRF5x\modules\nrfx\drivers\src\nrfx_twi.c">
      <Filter>Source files\Device-specific files\Peripheral Drivers</Filter>
    </ClCompile>
    <ClCompile Include="$(BSP_ROOT)\nRF5x\modules\nrfx\drivers\src\nrfx_twim.c">
      <Filter>Source files\Device-specific files\Peripheral Drivers</Filter>
    </ClCompile>
    <ClCompile Include="$(BSP_ROOT)\nRF5x\modules\nrfx\drivers\src\nrfx_twis.c">
      <Filter>Source files\Device-specific files\Peripheral Drivers</Filter>
    </ClCompile>
    <ClCompile Include="$(BSP_ROOT)\nRF5x\modules\nrfx\drivers\src\nrfx_twi_twim.c">
      <Filter>Source files\Device-specific files\Peripheral Drivers</Filter>
    </ClCompile>
    <ClCompile Include="$(BSP_ROOT)\nRF5x\modules\nrfx\drivers\src\nrfx_uart.c">
      <Filter>Source files\Device-specific files\Peripheral Drivers</Filter>
    </ClCompile>
    <ClCompile Include="$(BSP_ROOT)\nRF5x\modules\nrfx\drivers\src\nrfx_uarte.c">
      <Filter>Source files\Device-specific files\Peripheral Drivers</Filter>
    </ClCompile>
    <ClCompile Include="$(BSP_ROOT)\nRF5x\modules\nrfx\drivers\src\nrfx_usbd.c">
      <Filter>Source files\Device-specific files\Peripheral Drivers</Filter>
    </ClCompile>
    <ClCompile Include="$(BSP_ROOT)\nRF5x\modules\nrfx\drivers\src\nrfx_wdt.c">
      <Filter>Source files\Device-specific files\Peripheral Drivers</Filter>
    </ClCompile>
    <ClCompile Include="$(BSP_ROOT)\nRF5x\modules\nrfx\drivers\src\prs\nrfx_prs.c">
      <Filter>Source files\Device-specific files\Peripheral Drivers</Filter>
    </ClCompile>
    <ClCompile Include="$(BSP_ROOT)\nRF5x\modules\nrfx\hal\nrf_ecb.c">
      <Filter>Source files\Device-specific files\Peripheral Drivers</Filter>
    </ClCompile>
    <ClCompile Include="$(BSP_ROOT)\nRF5x\modules\nrfx\hal\nrf_nvmc.c">
      <Filter>Source files\Device-specific files\Peripheral Drivers</Filter>
    </ClCompile>
    <ClCompile Include="$(BSP_ROOT)\nRF5x\modules\nrfx\soc\nrfx_atomic.c">
      <Filter>Source files\Device-specific files\Peripheral Drivers</Filter>
    </ClCompile>
    <ClInclude Include="sdk_config.h">
      <Filter>Header files</Filter>
    </ClInclude>
    <ClInclude Include="$(BSP_ROOT)\nRF5x\components\toolchain\cmsis\dsp\Include\arm_common_tables.h">
      <Filter>Header files\Device-specific files</Filter>
    </ClInclude>
    <ClInclude Include="$(BSP_ROOT)\nRF5x\components\toolchain\cmsis\dsp\Include\arm_const_structs.h">
      <Filter>Header files\Device-specific files</Filter>
    </ClInclude>
    <ClInclude Include="$(BSP_ROOT)\nRF5x\components\toolchain\cmsis\dsp\Include\arm_math.h">
      <Filter>Header files\Device-specific files</Filter>
    </ClInclude>
    <ClInclude Include="$(BSP_ROOT)\nRF5x\components\toolchain\cmsis\include\cmsis_armcc.h">
      <Filter>Header files\Device-specific files</Filter>
    </ClInclude>
    <ClInclude Include="$(BSP_ROOT)\nRF5x\components\toolchain\cmsis\include\cmsis_armclang.h">
      <Filter>Header files\Device-specific files</Filter>
    </ClInclude>
    <ClInclude Include="$(BSP_ROOT)\nRF5x\components\toolchain\cmsis\include\cmsis_armclang_ltm.h">
      <Filter>Header files\Device-specific files</Filter>
    </ClInclude>
    <ClInclude Include="$(BSP_ROOT)\nRF5x\components\toolchain\cmsis\include\cmsis_compiler.h">
      <Filter>Header files\Device-specific files</Filter>
    </ClInclude>
    <ClInclude Include="$(BSP_ROOT)\nRF5x\components\toolchain\cmsis\include\cmsis_gcc.h">
      <Filter>Header files\Device-specific files</Filter>
    </ClInclude>
    <ClInclude Include="$(BSP_ROOT)\nRF5x\components\toolchain\cmsis\include\cmsis_iccarm.h">
      <Filter>Header files\Device-specific files</Filter>
    </ClInclude>
    <ClInclude Include="$(BSP_ROOT)\nRF5x\components\toolchain\cmsis\include\cmsis_version.h">
      <Filter>Header files\Device-specific files</Filter>
    </ClInclude>
    <ClInclude Include="$(BSP_ROOT)\nRF5x\components\toolchain\cmsis\include\core_armv81mml.h">
      <Filter>Header files\Device-specific files</Filter>
    </ClInclude>
    <ClInclude Include="$(BSP_ROOT)\nRF5x\components\toolchain\cmsis\include\core_armv8mbl.h">
      <Filter>Header files\Device-specific files</Filter>
    </ClInclude>
    <ClInclude Include="$(BSP_ROOT)\nRF5x\components\toolchain\cmsis\include\core_armv8mml.h">
      <Filter>Header files\Device-specific files</Filter>
    </ClInclude>
    <ClInclude Include="$(BSP_ROOT)\nRF5x\components\toolchain\cmsis\include\core_cm0.h">
      <Filter>Header files\Device-specific files</Filter>
    </ClInclude>
    <ClInclude Include="$(BSP_ROOT)\nRF5x\components\toolchain\cmsis\include\core_cm0plus.h">
      <Filter>Header files\Device-specific files</Filter>
    </ClInclude>
    <ClInclude Include="$(BSP_ROOT)\nRF5x\components\toolchain\cmsis\include\core_cm1.h">
      <Filter>Header files\Device-specific files</Filter>
    </ClInclude>
    <ClInclude Include="$(BSP_ROOT)\nRF5x\components\toolchain\cmsis\include\core_cm23.h">
      <Filter>Header files\Device-specific files</Filter>
    </ClInclude>
    <ClInclude Include="$(BSP_ROOT)\nRF5x\components\toolchain\cmsis\include\core_cm3.h">
      <Filter>Header files\Device-specific files</Filter>
    </ClInclude>
    <ClInclude Include="$(BSP_ROOT)\nRF5x\components\toolchain\cmsis\include\core_cm33.h">
      <Filter>Header files\Device-specific files</Filter>
    </ClInclude>
    <ClInclude Include="$(BSP_ROOT)\nRF5x\components\toolchain\cmsis\include\core_cm35p.h">
      <Filter>Header files\Device-specific files</Filter>
    </ClInclude>
    <ClInclude Include="$(BSP_ROOT)\nRF5x\components\toolchain\cmsis\include\core_cm4.h">
      <Filter>Header files\Device-specific files</Filter>
    </ClInclude>
    <ClInclude Include="$(BSP_ROOT)\nRF5x\components\toolchain\cmsis\include\core_cm7.h">
      <Filter>Header files\Device-specific files</Filter>
    </ClInclude>
    <ClInclude Include="$(BSP_ROOT)\nRF5x\components\toolchain\cmsis\include\core_sc000.h">
      <Filter>Header files\Device-specific files</Filter>
    </ClInclude>
    <ClInclude Include="$(BSP_ROOT)\nRF5x\components\toolchain\cmsis\include\core_sc300.h">
      <Filter>Header files\Device-specific files</Filter>
    </ClInclude>
    <ClInclude Include="$(BSP_ROOT)\nRF5x\components\toolchain\cmsis\include\mpu_armv7.h">
      <Filter>Header files\Device-specific files</Filter>
    </ClInclude>
    <ClInclude Include="$(BSP_ROOT)\nRF5x\components\toolchain\cmsis\include\mpu_armv8.h">
      <Filter>Header files\Device-specific files</Filter>
    </ClInclude>
    <ClInclude Include="$(BSP_ROOT)\nRF5x\components\toolchain\cmsis\include\tz_context.h">
      <Filter>Header files\Device-specific files</Filter>
    </ClInclude>
    <ClInclude Include="$(BSP_ROOT)\nRF5x\modules\nrfx\mdk\system_nrf52840.h">
      <Filter>Header files\Device-specific files</Filter>
    </ClInclude>
    <ClInclude Include="$(BSP_ROOT)\nRF5x\components\ble\common\ble_advdata.h">
      <Filter>Header files\Device-specific files\BLE Common</Filter>
    </ClInclude>
    <ClInclude Include="$(BSP_ROOT)\nRF5x\components\ble\common\ble_conn_params.h">
      <Filter>Header files\Device-specific files\BLE Common</Filter>
    </ClInclude>
    <ClInclude Include="$(BSP_ROOT)\nRF5x\components\ble\common\ble_conn_state.h">
      <Filter>Header files\Device-specific files\BLE Common</Filter>
    </ClInclude>
    <ClInclude Include="$(BSP_ROOT)\nRF5x\components\ble\common\ble_date_time.h">
      <Filter>Header files\Device-specific files\BLE Common</Filter>
    </ClInclude>
    <ClInclude Include="$(BSP_ROOT)\nRF5x\components\ble\common\ble_gatt_db.h">
      <Filter>Header files\Device-specific files\BLE Common</Filter>
    </ClInclude>
    <ClInclude Include="$(BSP_ROOT)\nRF5x\components\ble\common\ble_sensor_location.h">
      <Filter>Header files\Device-specific files\BLE Common</Filter>
    </ClInclude>
    <ClInclude Include="$(BSP_ROOT)\nRF5x\components\ble\common\ble_srv_common.h">
      <Filter>Header files\Device-specific files\BLE Common</Filter>
    </ClInclude>
    <ClInclude Include="$(BSP_ROOT)\nRF5x\components\ble\nrf_ble_gq\nrf_ble_gq.h">
      <Filter>Header files\Device-specific files\BLE GATT Queue</Filter>
    </ClInclude>
    <ClInclude Include="$(BSP_ROOT)\nRF5x\components\ble\ble_link_ctx_manager\ble_link_ctx_manager.h">
      <Filter>Header files\Device-specific files\BLE Link Context Manager</Filter>
    </ClInclude>
    <ClInclude Include="$(BSP_ROOT)\nRF5x\components\ble\nrf_ble_qwr\nrf_ble_qwr.h">
      <Filter>Header files\Device-specific files\BLE Queued Writes module</Filter>
    </ClInclude>
    <ClInclude Include="$(BSP_ROOT)\nRF5x\integration\nrfx\nrfx_config.h">
      <Filter>Header files\Device-specific files\Legacy Peripheral Drivers</Filter>
    </ClInclude>
    <ClInclude Include="$(BSP_ROOT)\nRF5x\integration\nrfx\nrfx_glue.h">
      <Filter>Header files\Device-specific files\Legacy Peripheral Drivers</Filter>
    </ClInclude>
    <ClInclude Include="$(BSP_ROOT)\nRF5x\integration\nrfx\nrfx_log.h">
      <Filter>Header files\Device-specific files\Legacy Peripheral Drivers</Filter>
    </ClInclude>
    <ClInclude Include="$(BSP_ROOT)\nRF5x\integration\nrfx\legacy\apply_old_config.h">
      <Filter>Header files\Device-specific files\Legacy Peripheral Drivers</Filter>
    </ClInclude>
    <ClInclude Include="$(BSP_ROOT)\nRF5x\integration\nrfx\legacy\nrf_drv_common.h">
      <Filter>Header files\Device-specific files\Legacy Peripheral Drivers</Filter>
    </ClInclude>
    <ClInclude Include="$(BSP_ROOT)\nRF5x\integration\nrfx\legacy\nrf_drv_comp.h">
      <Filter>Header files\Device-specific files\Legacy Peripheral Drivers</Filter>
    </ClInclude>
    <ClInclude Include="$(BSP_ROOT)\nRF5x\integration\nrfx\legacy\nrf_drv_gpiote.h">
      <Filter>Header files\Device-specific files\Legacy Peripheral Drivers</Filter>
    </ClInclude>
    <ClInclude Include="$(BSP_ROOT)\nRF5x\integration\nrfx\legacy\nrf_drv_i2s.h">
      <Filter>Header files\Device-specific files\Legacy Peripheral Drivers</Filter>
    </ClInclude>
    <ClInclude Include="$(BSP_ROOT)\nRF5x\integration\nrfx\legacy\nrf_drv_lpcomp.h">
      <Filter>Header files\Device-specific files\Legacy Peripheral Drivers</Filter>
    </ClInclude>
    <ClInclude Include="$(BSP_ROOT)\nRF5x\integration\nrfx\legacy\nrf_drv_pdm.h">
      <Filter>Header files\Device-specific files\Legacy Peripheral Drivers</Filter>
    </ClInclude>
    <ClInclude Include="$(BSP_ROOT)\nRF5x\integration\nrfx\legacy\nrf_drv_power.h">
      <Filter>Header files\Device-specific files\Legacy Peripheral Drivers</Filter>
    </ClInclude>
    <ClInclude Include="$(BSP_ROOT)\nRF5x\integration\nrfx\legacy\nrf_drv_ppi.h">
      <Filter>Header files\Device-specific files\Legacy Peripheral Drivers</Filter>
    </ClInclude>
    <ClInclude Include="$(BSP_ROOT)\nRF5x\integration\nrfx\legacy\nrf_drv_pwm.h">
      <Filter>Header files\Device-specific files\Legacy Peripheral Drivers</Filter>
    </ClInclude>
    <ClInclude Include="$(BSP_ROOT)\nRF5x\integration\nrfx\legacy\nrf_drv_qdec.h">
      <Filter>Header files\Device-specific files\Legacy Peripheral Drivers</Filter>
    </ClInclude>
    <ClInclude Include="$(BSP_ROOT)\nRF5x\integration\nrfx\legacy\nrf_drv_qspi.h">
      <Filter>Header files\Device-specific files\Legacy Peripheral Drivers</Filter>
    </ClInclude>
    <ClInclude Include="$(BSP_ROOT)\nRF5x\integration\nrfx\legacy\nrf_drv_rng.h">
      <Filter>Header files\Device-specific files\Legacy Peripheral Drivers</Filter>
    </ClInclude>
    <ClInclude Include="$(BSP_ROOT)\nRF5x\integration\nrfx\legacy\nrf_drv_rtc.h">
      <Filter>Header files\Device-specific files\Legacy Peripheral Drivers</Filter>
    </ClInclude>
    <ClInclude Include="$(BSP_ROOT)\nRF5x\integration\nrfx\legacy\nrf_drv_saadc.h">
      <Filter>Header files\Device-specific files\Legacy Peripheral Drivers</Filter>
    </ClInclude>
    <ClInclude Include="$(BSP_ROOT)\nRF5x\integration\nrfx\legacy\nrf_drv_spi.h">
      <Filter>Header files\Device-specific files\Legacy Peripheral Drivers</Filter>
    </ClInclude>
    <ClInclude Include="$(BSP_ROOT)\nRF5x\integration\nrfx\legacy\nrf_drv_spis.h">
      <Filter>Header files\Device-specific files\Legacy Peripheral Drivers</Filter>
    </ClInclude>
    <ClInclude Include="$(BSP_ROOT)\nRF5x\integration\nrfx\legacy\nrf_drv_systick.h">
      <Filter>Header files\Device-specific files\Legacy Peripheral Drivers</Filter>
    </ClInclude>
    <ClInclude Include="$(BSP_ROOT)\nRF5x\integration\nrfx\legacy\nrf_drv_timer.h">
      <Filter>Header files\Device-specific files\Legacy Peripheral Drivers</Filter>
    </ClInclude>
    <ClInclude Include="$(BSP_ROOT)\nRF5x\integration\nrfx\legacy\nrf_drv_uart.h">
      <Filter>Header files\Device-specific files\Legacy Peripheral Drivers</Filter>
    </ClInclude>
    <ClInclude Include="$(BSP_ROOT)\nRF5x\integration\nrfx\legacy\nrf_drv_usbd.h">
      <Filter>Header files\Device-specific files\Legacy Peripheral Drivers</Filter>
    </ClInclude>
    <ClInclude Include="$(BSP_ROOT)\nRF5x\integration\nrfx\legacy\nrf_drv_usbd_errata.h">
      <Filter>Header files\Device-specific files\Legacy Peripheral Drivers</Filter>
    </ClInclude>
    <ClInclude Include="$(BSP_ROOT)\nRF5x\integration\nrfx\legacy\nrf_drv_wdt.h">
      <Filter>Header files\Device-specific files\Legacy Peripheral Drivers</Filter>
    </ClInclude>
    <ClInclude Include="$(BSP_ROOT)\nRF5x\components\libraries\util\app_error.h">
      <Filter>Header files\Device-specific files\Utils</Filter>
    </ClInclude>
    <ClInclude Include="$(BSP_ROOT)\nRF5x\components\libraries\util\app_error_weak.h">
      <Filter>Header files\Device-specific files\Utils</Filter>
    </ClInclude>
    <ClInclude Include="$(BSP_ROOT)\nRF5x\components\libraries\util\app_util.h">
      <Filter>Header files\Device-specific files\Utils</Filter>
    </ClInclude>
    <ClInclude Include="$(BSP_ROOT)\nRF5x\components\libraries\util\app_util_bds.h">
      <Filter>Header files\Device-specific files\Utils</Filter>
    </ClInclude>
    <ClInclude Include="$(BSP_ROOT)\nRF5x\components\libraries\util\app_util_platform.h">
      <Filter>Header files\Device-specific files\Utils</Filter>
    </ClInclude>
    <ClInclude Include="$(BSP_ROOT)\nRF5x\components\libraries\util\nordic_common.h">
      <Filter>Header files\Device-specific files\Utils</Filter>
    </ClInclude>
    <ClInclude Include="$(BSP_ROOT)\nRF5x\components\libraries\util\nrf_assert.h">
      <Filter>Header files\Device-specific files\Utils</Filter>
    </ClInclude>
    <ClInclude Include="$(BSP_ROOT)\nRF5x\components\libraries\util\nrf_bitmask.h">
      <Filter>Header files\Device-specific files\Utils</Filter>
    </ClInclude>
    <ClInclude Include="$(BSP_ROOT)\nRF5x\components\libraries\util\sdk_alloca.h">
      <Filter>Header files\Device-specific files\Utils</Filter>
    </ClInclude>
    <ClInclude Include="$(BSP_ROOT)\nRF5x\components\libraries\util\sdk_common.h">
      <Filter>Header files\Device-specific files\Utils</Filter>
    </ClInclude>
    <ClInclude Include="$(BSP_ROOT)\nRF5x\components\libraries\util\sdk_errors.h">
      <Filter>Header files\Device-specific files\Utils</Filter>
    </ClInclude>
    <ClInclude Include="$(BSP_ROOT)\nRF5x\components\libraries\util\sdk_macros.h">
      <Filter>Header files\Device-specific files\Utils</Filter>
    </ClInclude>
    <ClInclude Include="$(BSP_ROOT)\nRF5x\components\libraries\util\sdk_mapped_flags.h">
      <Filter>Header files\Device-specific files\Utils</Filter>
    </ClInclude>
    <ClInclude Include="$(BSP_ROOT)\nRF5x\components\libraries\util\sdk_os.h">
      <Filter>Header files\Device-specific files\Utils</Filter>
    </ClInclude>
    <ClInclude Include="$(BSP_ROOT)\nRF5x\components\libraries\util\sdk_resources.h">
      <Filter>Header files\Device-specific files\Utils</Filter>
    </ClInclude>
    <ClInclude Include="$(BSP_ROOT)\nRF5x\components\boards\arduino_joystick_shield_v1a.h">
      <Filter>Header files\Device-specific files\Boards</Filter>
    </ClInclude>
    <ClInclude Include="$(BSP_ROOT)\nRF5x\components\boards\arduino_primo.h">
      <Filter>Header files\Device-specific files\Boards</Filter>
    </ClInclude>
    <ClInclude Include="$(BSP_ROOT)\nRF5x\components\boards\boards.h">
      <Filter>Header files\Device-specific files\Boards</Filter>
    </ClInclude>
    <ClInclude Include="$(BSP_ROOT)\nRF5x\components\boards\d52_starterkit.h">
      <Filter>Header files\Device-specific files\Boards</Filter>
    </ClInclude>
    <ClInclude Include="$(BSP_ROOT)\nRF5x\components\boards\n5_starterkit.h">
      <Filter>Header files\Device-specific files\Boards</Filter>
    </ClInclude>
    <ClInclude Include="$(BSP_ROOT)\nRF5x\components\boards\nrf6310.h">
      <Filter>Header files\Device-specific files\Boards</Filter>
    </ClInclude>
    <ClInclude Include="$(BSP_ROOT)\nRF5x\components\boards\pca10000.h">
      <Filter>Header files\Device-specific files\Boards</Filter>
    </ClInclude>
    <ClInclude Include="$(BSP_ROOT)\nRF5x\components\boards\pca10001.h">
      <Filter>Header files\Device-specific files\Boards</Filter>
    </ClInclude>
    <ClInclude Include="$(BSP_ROOT)\nRF5x\components\boards\pca10003.h">
      <Filter>Header files\Device-specific files\Boards</Filter>
    </ClInclude>
    <ClInclude Include="$(BSP_ROOT)\nRF5x\components\boards\pca10028.h">
      <Filter>Header files\Device-specific files\Boards</Filter>
    </ClInclude>
    <ClInclude Include="$(BSP_ROOT)\nRF5x\components\boards\pca10031.h">
      <Filter>Header files\Device-specific files\Boards</Filter>
    </ClInclude>
    <ClInclude Include="$(BSP_ROOT)\nRF5x\components\boards\pca10036.h">
      <Filter>Header files\Device-specific files\Boards</Filter>
    </ClInclude>
    <ClInclude Include="$(BSP_ROOT)\nRF5x\components\boards\pca10040.h">
      <Filter>Header files\Device-specific files\Boards</Filter>
    </ClInclude>
    <ClInclude Include="$(BSP_ROOT)\nRF5x\components\boards\pca10056.h">
      <Filter>Header files\Device-specific files\Boards</Filter>
    </ClInclude>
    <ClInclude Include="$(BSP_ROOT)\nRF5x\components\boards\pca10059.h">
      <Filter>Header files\Device-specific files\Boards</Filter>
    </ClInclude>
    <ClInclude Include="$(BSP_ROOT)\nRF5x\components\boards\pca10100.h">
      <Filter>Header files\Device-specific files\Boards</Filter>
    </ClInclude>
    <ClInclude Include="$(BSP_ROOT)\nRF5x\components\boards\pca10112.h">
      <Filter>Header files\Device-specific files\Boards</Filter>
    </ClInclude>
    <ClInclude Include="$(BSP_ROOT)\nRF5x\components\boards\pca20006.h">
      <Filter>Header files\Device-specific files\Boards</Filter>
    </ClInclude>
    <ClInclude Include="$(BSP_ROOT)\nRF5x\components\boards\pca20020.h">
      <Filter>Header files\Device-specific files\Boards</Filter>
    </ClInclude>
    <ClInclude Include="$(BSP_ROOT)\nRF5x\components\boards\wt51822.h">
      <Filter>Header files\Device-specific files\Boards</Filter>
    </ClInclude>
    <ClInclude Include="$(BSP_ROOT)\nRF5x\components\libraries\atomic\nrf_atomic.h">
      <Filter>Header files\Device-specific files\Libraries</Filter>
    </ClInclude>
    <ClInclude Include="$(BSP_ROOT)\nRF5x\components\libraries\atomic\nrf_atomic_internal.h">
      <Filter>Header files\Device-specific files\Libraries</Filter>
    </ClInclude>
    <ClInclude Include="$(BSP_ROOT)\nRF5x\components\libraries\atomic\nrf_atomic_sanity_check.h">
      <Filter>Header files\Device-specific files\Libraries</Filter>
    </ClInclude>
    <ClInclude Include="$(BSP_ROOT)\nRF5x\components\libraries\atomic_fifo\nrf_atfifo.h">
      <Filter>Header files\Device-specific files\Libraries</Filter>
    </ClInclude>
    <ClInclude Include="$(BSP_ROOT)\nRF5x\components\libraries\atomic_fifo\nrf_atfifo_internal.h">
      <Filter>Header files\Device-specific files\Libraries</Filter>
    </ClInclude>
    <ClInclude Include="$(BSP_ROOT)\nRF5x\components\libraries\atomic_flags\nrf_atflags.h">
      <Filter>Header files\Device-specific files\Libraries</Filter>
    </ClInclude>
    <ClInclude Include="$(BSP_ROOT)\nRF5x\components\libraries\balloc\nrf_balloc.h">
      <Filter>Header files\Device-specific files\Libraries</Filter>
    </ClInclude>
    <ClInclude Include="$(BSP_ROOT)\nRF5x\components\libraries\bsp\bsp.h">
      <Filter>Header files\Device-specific files\Libraries</Filter>
    </ClInclude>
    <ClInclude Include="$(BSP_ROOT)\nRF5x\components\libraries\bsp\bsp_btn_ant.h">
      <Filter>Header files\Device-specific files\Libraries</Filter>
    </ClInclude>
    <ClInclude Include="$(BSP_ROOT)\nRF5x\components\libraries\bsp\bsp_btn_ble.h">
      <Filter>Header files\Device-specific files\Libraries</Filter>
    </ClInclude>
    <ClInclude Include="$(BSP_ROOT)\nRF5x\components\libraries\bsp\bsp_cli.h">
      <Filter>Header files\Device-specific files\Libraries</Filter>
    </ClInclude>
    <ClInclude Include="$(BSP_ROOT)\nRF5x\components\libraries\bsp\bsp_config.h">
      <Filter>Header files\Device-specific files\Libraries</Filter>
    </ClInclude>
    <ClInclude Include="$(BSP_ROOT)\nRF5x\components\libraries\bsp\bsp_nfc.h">
      <Filter>Header files\Device-specific files\Libraries</Filter>
    </ClInclude>
    <ClInclude Include="$(BSP_ROOT)\nRF5x\components\libraries\button\app_button.h">
      <Filter>Header files\Device-specific files\Libraries</Filter>
    </ClInclude>
    <ClInclude Include="$(BSP_ROOT)\nRF5x\components\libraries\crc16\crc16.h">
      <Filter>Header files\Device-specific files\Libraries</Filter>
    </ClInclude>
    <ClInclude Include="$(BSP_ROOT)\nRF5x\components\libraries\csense_drv\nrf_drv_csense.h">
      <Filter>Header files\Device-specific files\Libraries</Filter>
    </ClInclude>
    <ClInclude Include="$(BSP_ROOT)\nRF5x\components\libraries\experimental_section_vars\nrf_section.h">
      <Filter>Header files\Device-specific files\Libraries</Filter>
    </ClInclude>
    <ClInclude Include="$(BSP_ROOT)\nRF5x\components\libraries\experimental_section_vars\nrf_section_iter.h">
      <Filter>Header files\Device-specific files\Libraries</Filter>
    </ClInclude>
    <ClInclude Include="$(BSP_ROOT)\nRF5x\components\libraries\fifo\app_fifo.h">
      <Filter>Header files\Device-specific files\Libraries</Filter>
    </ClInclude>
    <ClInclude Include="$(BSP_ROOT)\nRF5x\components\libraries\gfx\nrf_gfx.h">
      <Filter>Header files\Device-specific files\Libraries</Filter>
    </ClInclude>
    <ClInclude Include="$(BSP_ROOT)\nRF5x\components\libraries\gfx\nrf_lcd.h">
      <Filter>Header files\Device-specific files\Libraries</Filter>
    </ClInclude>
    <ClInclude Include="$(BSP_ROOT)\nRF5x\components\libraries\hardfault\hardfault.h">
      <Filter>Header files\Device-specific files\Libraries</Filter>
    </ClInclude>
    <ClInclude Include="$(BSP_ROOT)\nRF5x\components\libraries\hardfault\hardfault_genhf.h">
      <Filter>Header files\Device-specific files\Libraries</Filter>
    </ClInclude>
    <ClInclude Include="$(BSP_ROOT)\nRF5x\components\libraries\hci\hci_mem_pool.h">
      <Filter>Header files\Device-specific files\Libraries</Filter>
    </ClInclude>
    <ClInclude Include="$(BSP_ROOT)\nRF5x\components\libraries\hci\hci_slip.h">
      <Filter>Header files\Device-specific files\Libraries</Filter>
    </ClInclude>
    <ClInclude Include="$(BSP_ROOT)\nRF5x\components\libraries\hci\hci_transport.h">
      <Filter>Header files\Device-specific files\Libraries</Filter>
    </ClInclude>
    <ClInclude Include="$(BSP_ROOT)\nRF5x\components\libraries\log\nrf_log.h">
      <Filter>Header files\Device-specific files\Libraries</Filter>
    </ClInclude>
    <ClInclude Include="$(BSP_ROOT)\nRF5x\components\libraries\log\nrf_log_backend_flash.h">
      <Filter>Header files\Device-specific files\Libraries</Filter>
    </ClInclude>
    <ClInclude Include="$(BSP_ROOT)\nRF5x\components\libraries\log\nrf_log_backend_interface.h">
      <Filter>Header files\Device-specific files\Libraries</Filter>
    </ClInclude>
    <ClInclude Include="$(BSP_ROOT)\nRF5x\components\libraries\log\nrf_log_backend_rtt.h">
      <Filter>Header files\Device-specific files\Libraries</Filter>
    </ClInclude>
    <ClInclude Include="$(BSP_ROOT)\nRF5x\components\libraries\log\nrf_log_backend_uart.h">
      <Filter>Header files\Device-specific files\Libraries</Filter>
    </ClInclude>
    <ClInclude Include="$(BSP_ROOT)\nRF5x\components\libraries\log\nrf_log_ctrl.h">
      <Filter>Header files\Device-specific files\Libraries</Filter>
    </ClInclude>
    <ClInclude Include="$(BSP_ROOT)\nRF5x\components\libraries\log\nrf_log_default_backends.h">
      <Filter>Header files\Device-specific files\Libraries</Filter>
    </ClInclude>
    <ClInclude Include="$(BSP_ROOT)\nRF5x\components\libraries\log\nrf_log_instance.h">
      <Filter>Header files\Device-specific files\Libraries</Filter>
    </ClInclude>
    <ClInclude Include="$(BSP_ROOT)\nRF5x\components\libraries\log\nrf_log_str_formatter.h">
      <Filter>Header files\Device-specific files\Libraries</Filter>
    </ClInclude>
    <ClInclude Include="$(BSP_ROOT)\nRF5x\components\libraries\log\nrf_log_types.h">
      <Filter>Header files\Device-specific files\Libraries</Filter>
    </ClInclude>
    <ClInclude Include="$(BSP_ROOT)\nRF5x\components\libraries\log\src\nrf_log_backend_serial.h">
      <Filter>Header files\Device-specific files\Libraries</Filter>
    </ClInclude>
    <ClInclude Include="$(BSP_ROOT)\nRF5x\components\libraries\log\src\nrf_log_ctrl_internal.h">
      <Filter>Header files\Device-specific files\Libraries</Filter>
    </ClInclude>
    <ClInclude Include="$(BSP_ROOT)\nRF5x\components\libraries\log\src\nrf_log_internal.h">
      <Filter>Header files\Device-specific files\Libraries</Filter>
    </ClInclude>
    <ClInclude Include="$(BSP_ROOT)\nRF5x\components\libraries\memobj\nrf_memobj.h">
      <Filter>Header files\Device-specific files\Libraries</Filter>
    </ClInclude>
    <ClInclude Include="$(BSP_ROOT)\nRF5x\components\libraries\pwm\app_pwm.h">
      <Filter>Header files\Device-specific files\Libraries</Filter>
    </ClInclude>
    <ClInclude Include="$(BSP_ROOT)\nRF5x\components\libraries\pwr_mgmt\nrf_pwr_mgmt.h">
      <Filter>Header files\Device-specific files\Libraries</Filter>
    </ClInclude>
    <ClInclude Include="$(BSP_ROOT)\nRF5x\components\libraries\queue\nrf_queue.h">
      <Filter>Header files\Device-specific files\Libraries</Filter>
    </ClInclude>
    <ClInclude Include="$(BSP_ROOT)\nRF5x\components\libraries\ringbuf\nrf_ringbuf.h">
      <Filter>Header files\Device-specific files\Libraries</Filter>
    </ClInclude>
    <ClInclude Include="$(BSP_ROOT)\nRF5x\components\libraries\scheduler\app_scheduler.h">
      <Filter>Header files\Device-specific files\Libraries</Filter>
    </ClInclude>
    <ClInclude Include="$(BSP_ROOT)\nRF5x\components\libraries\sensorsim\sensorsim.h">
      <Filter>Header files\Device-specific files\Libraries</Filter>
    </ClInclude>
    <ClInclude Include="$(BSP_ROOT)\nRF5x\components\libraries\sha256\sha256.h">
      <Filter>Header files\Device-specific files\Libraries</Filter>
    </ClInclude>
    <ClInclude Include="$(BSP_ROOT)\nRF5x\components\libraries\sortlist\nrf_sortlist.h">
      <Filter>Header files\Device-specific files\Libraries</Filter>
    </ClInclude>
    <ClInclude Include="$(BSP_ROOT)\nRF5x\components\libraries\strerror\nrf_strerror.h">
      <Filter>Header files\Device-specific files\Libraries</Filter>
    </ClInclude>
    <ClInclude Include="$(BSP_ROOT)\nRF5x\components\libraries\timer\drv_rtc.h">
      <Filter>Header files\Device-specific files\Libraries</Filter>
    </ClInclude>
    <ClInclude Include="$(BSP_ROOT)\nRF5x\components\libraries\uart\app_uart.h">
      <Filter>Header files\Device-specific files\Libraries</Filter>
    </ClInclude>
    <ClInclude Include="$(BSP_ROOT)\nRF5x\components\softdevice\common\nrf_sdh.h">
      <Filter>Header files\Device-specific files\Libraries</Filter>
    </ClInclude>
    <ClInclude Include="$(BSP_ROOT)\nRF5x\components\softdevice\common\nrf_sdh_ant.h">
      <Filter>Header files\Device-specific files\Libraries</Filter>
    </ClInclude>
    <ClInclude Include="$(BSP_ROOT)\nRF5x\components\softdevice\common\nrf_sdh_ble.h">
      <Filter>Header files\Device-specific files\Libraries</Filter>
    </ClInclude>
    <ClInclude Include="$(BSP_ROOT)\nRF5x\components\softdevice\common\nrf_sdh_soc.h">
      <Filter>Header files\Device-specific files\Libraries</Filter>
    </ClInclude>
    <ClInclude Include="$(BSP_ROOT)\nRF5x\external\fprintf\nrf_fprintf.h">
      <Filter>Header files\Device-specific files\Libraries</Filter>
    </ClInclude>
    <ClInclude Include="$(BSP_ROOT)\nRF5x\external\fprintf\nrf_fprintf_format.h">
      <Filter>Header files\Device-specific files\Libraries</Filter>
    </ClInclude>
    <ClInclude Include="$(BSP_ROOT)\nRF5x\modules\nrfx\nrfx.h">
      <Filter>Header files\Device-specific files\Peripheral Drivers</Filter>
    </ClInclude>
    <ClInclude Include="$(BSP_ROOT)\nRF5x\modules\nrfx\drivers\nrfx_common.h">
      <Filter>Header files\Device-specific files\Peripheral Drivers</Filter>
    </ClInclude>
    <ClInclude Include="$(BSP_ROOT)\nRF5x\modules\nrfx\drivers\nrfx_errors.h">
      <Filter>Header files\Device-specific files\Peripheral Drivers</Filter>
    </ClInclude>
    <ClInclude Include="$(BSP_ROOT)\nRF5x\modules\nrfx\drivers\include\nrfx_adc.h">
      <Filter>Header files\Device-specific files\Peripheral Drivers</Filter>
    </ClInclude>
    <ClInclude Include="$(BSP_ROOT)\nRF5x\modules\nrfx\drivers\include\nrfx_clock.h">
      <Filter>Header files\Device-specific files\Peripheral Drivers</Filter>
    </ClInclude>
    <ClInclude Include="$(BSP_ROOT)\nRF5x\modules\nrfx\drivers\include\nrfx_comp.h">
      <Filter>Header files\Device-specific files\Peripheral Drivers</Filter>
    </ClInclude>
    <ClInclude Include="$(BSP_ROOT)\nRF5x\modules\nrfx\drivers\include\nrfx_dppi.h">
      <Filter>Header files\Device-specific files\Peripheral Drivers</Filter>
    </ClInclude>
    <ClInclude Include="$(BSP_ROOT)\nRF5x\modules\nrfx\drivers\include\nrfx_gpiote.h">
      <Filter>Header files\Device-specific files\Peripheral Drivers</Filter>
    </ClInclude>
    <ClInclude Include="$(BSP_ROOT)\nRF5x\modules\nrfx\drivers\include\nrfx_i2s.h">
      <Filter>Header files\Device-specific files\Peripheral Drivers</Filter>
    </ClInclude>
    <ClInclude Include="$(BSP_ROOT)\nRF5x\modules\nrfx\drivers\include\nrfx_lpcomp.h">
      <Filter>Header files\Device-specific files\Peripheral Drivers</Filter>
    </ClInclude>
    <ClInclude Include="$(BSP_ROOT)\nRF5x\modules\nrfx\drivers\include\nrfx_nfct.h">
      <Filter>Header files\Device-specific files\Peripheral Drivers</Filter>
    </ClInclude>
    <ClInclude Include="$(BSP_ROOT)\nRF5x\modules\nrfx\drivers\include\nrfx_nvmc.h">
      <Filter>Header files\Device-specific files\Peripheral Drivers</Filter>
    </ClInclude>
    <ClInclude Include="$(BSP_ROOT)\nRF5x\modules\nrfx\drivers\include\nrfx_pdm.h">
      <Filter>Header files\Device-specific files\Peripheral Drivers</Filter>
    </ClInclude>
    <ClInclude Include="$(BSP_ROOT)\nRF5x\modules\nrfx\drivers\include\nrfx_power.h">
      <Filter>Header files\Device-specific files\Peripheral Drivers</Filter>
    </ClInclude>
    <ClInclude Include="$(BSP_ROOT)\nRF5x\modules\nrfx\drivers\include\nrfx_power_clock.h">
      <Filter>Header files\Device-specific files\Peripheral Drivers</Filter>
    </ClInclude>
    <ClInclude Include="$(BSP_ROOT)\nRF5x\modules\nrfx\drivers\include\nrfx_ppi.h">
      <Filter>Header files\Device-specific files\Peripheral Drivers</Filter>
    </ClInclude>
    <ClInclude Include="$(BSP_ROOT)\nRF5x\modules\nrfx\drivers\include\nrfx_pwm.h">
      <Filter>Header files\Device-specific files\Peripheral Drivers</Filter>
    </ClInclude>
    <ClInclude Include="$(BSP_ROOT)\nRF5x\modules\nrfx\drivers\include\nrfx_qdec.h">
      <Filter>Header files\Device-specific files\Peripheral Drivers</Filter>
    </ClInclude>
    <ClInclude Include="$(BSP_ROOT)\nRF5x\modules\nrfx\drivers\include\nrfx_qspi.h">
      <Filter>Header files\Device-specific files\Peripheral Drivers</Filter>
    </ClInclude>
    <ClInclude Include="$(BSP_ROOT)\nRF5x\modules\nrfx\drivers\include\nrfx_rng.h">
      <Filter>Header files\Device-specific files\Peripheral Drivers</Filter>
    </ClInclude>
    <ClInclude Include="$(BSP_ROOT)\nRF5x\modules\nrfx\drivers\include\nrfx_rtc.h">
      <Filter>Header files\Device-specific files\Peripheral Drivers</Filter>
    </ClInclude>
    <ClInclude Include="$(BSP_ROOT)\nRF5x\modules\nrfx\drivers\include\nrfx_saadc.h">
      <Filter>Header files\Device-specific files\Peripheral Drivers</Filter>
    </ClInclude>
    <ClInclude Include="$(BSP_ROOT)\nRF5x\modules\nrfx\drivers\include\nrfx_saadc_v2.h">
      <Filter>Header files\Device-specific files\Peripheral Drivers</Filter>
    </ClInclude>
    <ClInclude Include="$(BSP_ROOT)\nRF5x\modules\nrfx\drivers\include\nrfx_spi.h">
      <Filter>Header files\Device-specific files\Peripheral Drivers</Filter>
    </ClInclude>
    <ClInclude Include="$(BSP_ROOT)\nRF5x\modules\nrfx\drivers\include\nrfx_spim.h">
      <Filter>Header files\Device-specific files\Peripheral Drivers</Filter>
    </ClInclude>
    <ClInclude Include="$(BSP_ROOT)\nRF5x\modules\nrfx\drivers\include\nrfx_spis.h">
      <Filter>Header files\Device-specific files\Peripheral Drivers</Filter>
    </ClInclude>
    <ClInclude Include="$(BSP_ROOT)\nRF5x\modules\nrfx\drivers\include\nrfx_swi.h">
      <Filter>Header files\Device-specific files\Peripheral Drivers</Filter>
    </ClInclude>
    <ClInclude Include="$(BSP_ROOT)\nRF5x\modules\nrfx\drivers\include\nrfx_systick.h">
      <Filter>Header files\Device-specific files\Peripheral Drivers</Filter>
    </ClInclude>
    <ClInclude Include="$(BSP_ROOT)\nRF5x\modules\nrfx\drivers\include\nrfx_temp.h">
      <Filter>Header files\Device-specific files\Peripheral Drivers</Filter>
    </ClInclude>
    <ClInclude Include="$(BSP_ROOT)\nRF5x\modules\nrfx\drivers\include\nrfx_timer.h">
      <Filter>Header files\Device-specific files\Peripheral Drivers</Filter>
    </ClInclude>
    <ClInclude Include="$(BSP_ROOT)\nRF5x\modules\nrfx\drivers\include\nrfx_twi.h">
      <Filter>Header files\Device-specific files\Peripheral Drivers</Filter>
    </ClInclude>
    <ClInclude Include="$(BSP_ROOT)\nRF5x\modules\nrfx\drivers\include\nrfx_twim.h">
      <Filter>Header files\Device-specific files\Peripheral Drivers</Filter>
    </ClInclude>
    <ClInclude Include="$(BSP_ROOT)\nRF5x\modules\nrfx\drivers\include\nrfx_twis.h">
      <Filter>Header files\Device-specific files\Peripheral Drivers</Filter>
    </ClInclude>
    <ClInclude Include="$(BSP_ROOT)\nRF5x\modules\nrfx\drivers\include\nrfx_twi_twim.h">
      <Filter>Header files\Device-specific files\Peripheral Drivers</Filter>
    </ClInclude>
    <ClInclude Include="$(BSP_ROOT)\nRF5x\modules\nrfx\drivers\include\nrfx_uart.h">
      <Filter>Header files\Device-specific files\Peripheral Drivers</Filter>
    </ClInclude>
    <ClInclude Include="$(BSP_ROOT)\nRF5x\modules\nrfx\drivers\include\nrfx_uarte.h">
      <Filter>Header files\Device-specific files\Peripheral Drivers</Filter>
    </ClInclude>
    <ClInclude Include="$(BSP_ROOT)\nRF5x\modules\nrfx\drivers\include\nrfx_usbd.h">
      <Filter>Header files\Device-specific files\Peripheral Drivers</Filter>
    </ClInclude>
    <ClInclude Include="$(BSP_ROOT)\nRF5x\modules\nrfx\drivers\include\nrfx_wdt.h">
      <Filter>Header files\Device-specific files\Peripheral Drivers</Filter>
    </ClInclude>
    <ClInclude Include="$(BSP_ROOT)\nRF5x\modules\nrfx\drivers\include\nrf_bitmask.h">
      <Filter>Header files\Device-specific files\Peripheral Drivers</Filter>
    </ClInclude>
    <ClInclude Include="$(BSP_ROOT)\nRF5x\modules\nrfx\drivers\src\nrfx_usbd_errata.h">
      <Filter>Header files\Device-specific files\Peripheral Drivers</Filter>
    </ClInclude>
    <ClInclude Include="$(BSP_ROOT)\nRF5x\modules\nrfx\drivers\src\prs\nrfx_prs.h">
      <Filter>Header files\Device-specific files\Peripheral Drivers</Filter>
    </ClInclude>
    <ClInclude Include="$(BSP_ROOT)\nRF5x\modules\nrfx\hal\nrf_aar.h">
      <Filter>Header files\Device-specific files\Peripheral Drivers</Filter>
    </ClInclude>
    <ClInclude Include="$(BSP_ROOT)\nRF5x\modules\nrfx\hal\nrf_acl.h">
      <Filter>Header files\Device-specific files\Peripheral Drivers</Filter>
    </ClInclude>
    <ClInclude Include="$(BSP_ROOT)\nRF5x\modules\nrfx\hal\nrf_adc.h">
      <Filter>Header files\Device-specific files\Peripheral Drivers</Filter>
    </ClInclude>
    <ClInclude Include="$(BSP_ROOT)\nRF5x\modules\nrfx\hal\nrf_bprot.h">
      <Filter>Header files\Device-specific files\Peripheral Drivers</Filter>
    </ClInclude>
    <ClInclude Include="$(BSP_ROOT)\nRF5x\modules\nrfx\hal\nrf_ccm.h">
      <Filter>Header files\Device-specific files\Peripheral Drivers</Filter>
    </ClInclude>
    <ClInclude Include="$(BSP_ROOT)\nRF5x\modules\nrfx\hal\nrf_clock.h">
      <Filter>Header files\Device-specific files\Peripheral Drivers</Filter>
    </ClInclude>
    <ClInclude Include="$(BSP_ROOT)\nRF5x\modules\nrfx\hal\nrf_comp.h">
      <Filter>Header files\Device-specific files\Peripheral Drivers</Filter>
    </ClInclude>
    <ClInclude Include="$(BSP_ROOT)\nRF5x\modules\nrfx\hal\nrf_dppi.h">
      <Filter>Header files\Device-specific files\Peripheral Drivers</Filter>
    </ClInclude>
    <ClInclude Include="$(BSP_ROOT)\nRF5x\modules\nrfx\hal\nrf_ecb.h">
      <Filter>Header files\Device-specific files\Peripheral Drivers</Filter>
    </ClInclude>
    <ClInclude Include="$(BSP_ROOT)\nRF5x\modules\nrfx\hal\nrf_egu.h">
      <Filter>Header files\Device-specific files\Peripheral Drivers</Filter>
    </ClInclude>
    <ClInclude Include="$(BSP_ROOT)\nRF5x\modules\nrfx\hal\nrf_ficr.h">
      <Filter>Header files\Device-specific files\Peripheral Drivers</Filter>
    </ClInclude>
    <ClInclude Include="$(BSP_ROOT)\nRF5x\modules\nrfx\hal\nrf_gpio.h">
      <Filter>Header files\Device-specific files\Peripheral Drivers</Filter>
    </ClInclude>
    <ClInclude Include="$(BSP_ROOT)\nRF5x\modules\nrfx\hal\nrf_gpiote.h">
      <Filter>Header files\Device-specific files\Peripheral Drivers</Filter>
    </ClInclude>
    <ClInclude Include="$(BSP_ROOT)\nRF5x\modules\nrfx\hal\nrf_i2s.h">
      <Filter>Header files\Device-specific files\Peripheral Drivers</Filter>
    </ClInclude>
    <ClInclude Include="$(BSP_ROOT)\nRF5x\modules\nrfx\hal\nrf_kmu.h">
      <Filter>Header files\Device-specific files\Peripheral Drivers</Filter>
    </ClInclude>
    <ClInclude Include="$(BSP_ROOT)\nRF5x\modules\nrfx\hal\nrf_lpcomp.h">
      <Filter>Header files\Device-specific files\Peripheral Drivers</Filter>
    </ClInclude>
    <ClInclude Include="$(BSP_ROOT)\nRF5x\modules\nrfx\hal\nrf_mpu.h">
      <Filter>Header files\Device-specific files\Peripheral Drivers</Filter>
    </ClInclude>
    <ClInclude Include="$(BSP_ROOT)\nRF5x\modules\nrfx\hal\nrf_mwu.h">
      <Filter>Header files\Device-specific files\Peripheral Drivers</Filter>
    </ClInclude>
    <ClInclude Include="$(BSP_ROOT)\nRF5x\modules\nrfx\hal\nrf_nfct.h">
      <Filter>Header files\Device-specific files\Peripheral Drivers</Filter>
    </ClInclude>
    <ClInclude Include="$(BSP_ROOT)\nRF5x\modules\nrfx\hal\nrf_nvmc.h">
      <Filter>Header files\Device-specific files\Peripheral Drivers</Filter>
    </ClInclude>
    <ClInclude Include="$(BSP_ROOT)\nRF5x\modules\nrfx\hal\nrf_pdm.h">
      <Filter>Header files\Device-specific files\Peripheral Drivers</Filter>
    </ClInclude>
    <ClInclude Include="$(BSP_ROOT)\nRF5x\modules\nrfx\hal\nrf_power.h">
      <Filter>Header files\Device-specific files\Peripheral Drivers</Filter>
    </ClInclude>
    <ClInclude Include="$(BSP_ROOT)\nRF5x\modules\nrfx\hal\nrf_ppi.h">
      <Filter>Header files\Device-specific files\Peripheral Drivers</Filter>
    </ClInclude>
    <ClInclude Include="$(BSP_ROOT)\nRF5x\modules\nrfx\hal\nrf_pwm.h">
      <Filter>Header files\Device-specific files\Peripheral Drivers</Filter>
    </ClInclude>
    <ClInclude Include="$(BSP_ROOT)\nRF5x\modules\nrfx\hal\nrf_qdec.h">
      <Filter>Header files\Device-specific files\Peripheral Drivers</Filter>
    </ClInclude>
    <ClInclude Include="$(BSP_ROOT)\nRF5x\modules\nrfx\hal\nrf_qspi.h">
      <Filter>Header files\Device-specific files\Peripheral Drivers</Filter>
    </ClInclude>
    <ClInclude Include="$(BSP_ROOT)\nRF5x\modules\nrfx\hal\nrf_radio.h">
      <Filter>Header files\Device-specific files\Peripheral Drivers</Filter>
    </ClInclude>
    <ClInclude Include="$(BSP_ROOT)\nRF5x\modules\nrfx\hal\nrf_regulators.h">
      <Filter>Header files\Device-specific files\Peripheral Drivers</Filter>
    </ClInclude>
    <ClInclude Include="$(BSP_ROOT)\nRF5x\modules\nrfx\hal\nrf_rng.h">
      <Filter>Header files\Device-specific files\Peripheral Drivers</Filter>
    </ClInclude>
    <ClInclude Include="$(BSP_ROOT)\nRF5x\modules\nrfx\hal\nrf_rtc.h">
      <Filter>Header files\Device-specific files\Peripheral Drivers</Filter>
    </ClInclude>
    <ClInclude Include="$(BSP_ROOT)\nRF5x\modules\nrfx\hal\nrf_saadc.h">
      <Filter>Header files\Device-specific files\Peripheral Drivers</Filter>
    </ClInclude>
    <ClInclude Include="$(BSP_ROOT)\nRF5x\modules\nrfx\hal\nrf_spi.h">
      <Filter>Header files\Device-specific files\Peripheral Drivers</Filter>
    </ClInclude>
    <ClInclude Include="$(BSP_ROOT)\nRF5x\modules\nrfx\hal\nrf_spim.h">
      <Filter>Header files\Device-specific files\Peripheral Drivers</Filter>
    </ClInclude>
    <ClInclude Include="$(BSP_ROOT)\nRF5x\modules\nrfx\hal\nrf_spis.h">
      <Filter>Header files\Device-specific files\Peripheral Drivers</Filter>
    </ClInclude>
    <ClInclude Include="$(BSP_ROOT)\nRF5x\modules\nrfx\hal\nrf_spu.h">
      <Filter>Header files\Device-specific files\Peripheral Drivers</Filter>
    </ClInclude>
    <ClInclude Include="$(BSP_ROOT)\nRF5x\modules\nrfx\hal\nrf_systick.h">
      <Filter>Header files\Device-specific files\Peripheral Drivers</Filter>
    </ClInclude>
    <ClInclude Include="$(BSP_ROOT)\nRF5x\modules\nrfx\hal\nrf_temp.h">
      <Filter>Header files\Device-specific files\Peripheral Drivers</Filter>
    </ClInclude>
    <ClInclude Include="$(BSP_ROOT)\nRF5x\modules\nrfx\hal\nrf_timer.h">
      <Filter>Header files\Device-specific files\Peripheral Drivers</Filter>
    </ClInclude>
    <ClInclude Include="$(BSP_ROOT)\nRF5x\modules\nrfx\hal\nrf_twi.h">
      <Filter>Header files\Device-specific files\Peripheral Drivers</Filter>
    </ClInclude>
    <ClInclude Include="$(BSP_ROOT)\nRF5x\modules\nrfx\hal\nrf_twim.h">
      <Filter>Header files\Device-specific files\Peripheral Drivers</Filter>
    </ClInclude>
    <ClInclude Include="$(BSP_ROOT)\nRF5x\modules\nrfx\hal\nrf_twis.h">
      <Filter>Header files\Device-specific files\Peripheral Drivers</Filter>
    </ClInclude>
    <ClInclude Include="$(BSP_ROOT)\nRF5x\modules\nrfx\hal\nrf_uart.h">
      <Filter>Header files\Device-specific files\Peripheral Drivers</Filter>
    </ClInclude>
    <ClInclude Include="$(BSP_ROOT)\nRF5x\modules\nrfx\hal\nrf_uarte.h">
      <Filter>Header files\Device-specific files\Peripheral Drivers</Filter>
    </ClInclude>
    <ClInclude Include="$(BSP_ROOT)\nRF5x\modules\nrfx\hal\nrf_usbd.h">
      <Filter>Header files\Device-specific files\Peripheral Drivers</Filter>
    </ClInclude>
    <ClInclude Include="$(BSP_ROOT)\nRF5x\modules\nrfx\hal\nrf_vmc.h">
      <Filter>Header files\Device-specific files\Peripheral Drivers</Filter>
    </ClInclude>
    <ClInclude Include="$(BSP_ROOT)\nRF5x\modules\nrfx\hal\nrf_wdt.h">
      <Filter>Header files\Device-specific files\Peripheral Drivers</Filter>
    </ClInclude>
    <ClInclude Include="$(BSP_ROOT)\nRF5x\modules\nrfx\mdk\compiler_abstraction.h">
      <Filter>Header files\Device-specific files\Peripheral Drivers</Filter>
    </ClInclude>
    <ClInclude Include="$(BSP_ROOT)\nRF5x\modules\nrfx\mdk\nrf.h">
      <Filter>Header files\Device-specific files\Peripheral Drivers</Filter>
    </ClInclude>
    <ClInclude Include="$(BSP_ROOT)\nRF5x\modules\nrfx\mdk\nrf51.h">
      <Filter>Header files\Device-specific files\Peripheral Drivers</Filter>
    </ClInclude>
    <ClInclude Include="$(BSP_ROOT)\nRF5x\modules\nrfx\mdk\nrf51422_peripherals.h">
      <Filter>Header files\Device-specific files\Peripheral Drivers</Filter>
    </ClInclude>
    <ClInclude Include="$(BSP_ROOT)\nRF5x\modules\nrfx\mdk\nrf51801_peripherals.h">
      <Filter>Header files\Device-specific files\Peripheral Drivers</Filter>
    </ClInclude>
    <ClInclude Include="$(BSP_ROOT)\nRF5x\modules\nrfx\mdk\nrf51802_peripherals.h">
      <Filter>Header files\Device-specific files\Peripheral Drivers</Filter>
    </ClInclude>
    <ClInclude Include="$(BSP_ROOT)\nRF5x\modules\nrfx\mdk\nrf51822_peripherals.h">
      <Filter>Header files\Device-specific files\Peripheral Drivers</Filter>
    </ClInclude>
    <ClInclude Include="$(BSP_ROOT)\nRF5x\modules\nrfx\mdk\nrf51824_peripherals.h">
      <Filter>Header files\Device-specific files\Peripheral Drivers</Filter>
    </ClInclude>
    <ClInclude Include="$(BSP_ROOT)\nRF5x\modules\nrfx\mdk\nrf51_bitfields.h">
      <Filter>Header files\Device-specific files\Peripheral Drivers</Filter>
    </ClInclude>
    <ClInclude Include="$(BSP_ROOT)\nRF5x\modules\nrfx\mdk\nrf51_deprecated.h">
      <Filter>Header files\Device-specific files\Peripheral Drivers</Filter>
    </ClInclude>
    <ClInclude Include="$(BSP_ROOT)\nRF5x\modules\nrfx\mdk\nrf51_erratas.h">
      <Filter>Header files\Device-specific files\Peripheral Drivers</Filter>
    </ClInclude>
    <ClInclude Include="$(BSP_ROOT)\nRF5x\modules\nrfx\mdk\nrf51_peripherals.h">
      <Filter>Header files\Device-specific files\Peripheral Drivers</Filter>
    </ClInclude>
    <ClInclude Include="$(BSP_ROOT)\nRF5x\modules\nrfx\mdk\nrf51_to_nrf52.h">
      <Filter>Header files\Device-specific files\Peripheral Drivers</Filter>
    </ClInclude>
    <ClInclude Include="$(BSP_ROOT)\nRF5x\modules\nrfx\mdk\nrf51_to_nrf52810.h">
      <Filter>Header files\Device-specific files\Peripheral Drivers</Filter>
    </ClInclude>
    <ClInclude Include="$(BSP_ROOT)\nRF5x\modules\nrfx\mdk\nrf51_to_nrf52840.h">
      <Filter>Header files\Device-specific files\Peripheral Drivers</Filter>
    </ClInclude>
    <ClInclude Include="$(BSP_ROOT)\nRF5x\modules\nrfx\mdk\nrf52.h">
      <Filter>Header files\Device-specific files\Peripheral Drivers</Filter>
    </ClInclude>
    <ClInclude Include="$(BSP_ROOT)\nRF5x\modules\nrfx\mdk\nrf52805.h">
      <Filter>Header files\Device-specific files\Peripheral Drivers</Filter>
    </ClInclude>
    <ClInclude Include="$(BSP_ROOT)\nRF5x\modules\nrfx\mdk\nrf52805_bitfields.h">
      <Filter>Header files\Device-specific files\Peripheral Drivers</Filter>
    </ClInclude>
    <ClInclude Include="$(BSP_ROOT)\nRF5x\modules\nrfx\mdk\nrf52805_peripherals.h">
      <Filter>Header files\Device-specific files\Peripheral Drivers</Filter>
    </ClInclude>
    <ClInclude Include="$(BSP_ROOT)\nRF5x\modules\nrfx\mdk\nrf52810.h">
      <Filter>Header files\Device-specific files\Peripheral Drivers</Filter>
    </ClInclude>
    <ClInclude Include="$(BSP_ROOT)\nRF5x\modules\nrfx\mdk\nrf52810_bitfields.h">
      <Filter>Header files\Device-specific files\Peripheral Drivers</Filter>
    </ClInclude>
    <ClInclude Include="$(BSP_ROOT)\nRF5x\modules\nrfx\mdk\nrf52810_name_change.h">
      <Filter>Header files\Device-specific files\Peripheral Drivers</Filter>
    </ClInclude>
    <ClInclude Include="$(BSP_ROOT)\nRF5x\modules\nrfx\mdk\nrf52810_peripherals.h">
      <Filter>Header files\Device-specific files\Peripheral Drivers</Filter>
    </ClInclude>
    <ClInclude Include="$(BSP_ROOT)\nRF5x\modules\nrfx\mdk\nrf52810_to_nrf52811.h">
      <Filter>Header files\Device-specific files\Peripheral Drivers</Filter>
    </ClInclude>
    <ClInclude Include="$(BSP_ROOT)\nRF5x\modules\nrfx\mdk\nrf52811.h">
      <Filter>Header files\Device-specific files\Peripheral Drivers</Filter>
    </ClInclude>
    <ClInclude Include="$(BSP_ROOT)\nRF5x\modules\nrfx\mdk\nrf52811_bitfields.h">
      <Filter>Header files\Device-specific files\Peripheral Drivers</Filter>
    </ClInclude>
    <ClInclude Include="$(BSP_ROOT)\nRF5x\modules\nrfx\mdk\nrf52811_peripherals.h">
      <Filter>Header files\Device-specific files\Peripheral Drivers</Filter>
    </ClInclude>
    <ClInclude Include="$(BSP_ROOT)\nRF5x\modules\nrfx\mdk\nrf52820.h">
      <Filter>Header files\Device-specific files\Peripheral Drivers</Filter>
    </ClInclude>
    <ClInclude Include="$(BSP_ROOT)\nRF5x\modules\nrfx\mdk\nrf52820_bitfields.h">
      <Filter>Header files\Device-specific files\Peripheral Drivers</Filter>
    </ClInclude>
    <ClInclude Include="$(BSP_ROOT)\nRF5x\modules\nrfx\mdk\nrf52820_peripherals.h">
      <Filter>Header files\Device-specific files\Peripheral Drivers</Filter>
    </ClInclude>
    <ClInclude Include="$(BSP_ROOT)\nRF5x\modules\nrfx\mdk\nrf52832_peripherals.h">
      <Filter>Header files\Device-specific files\Peripheral Drivers</Filter>
    </ClInclude>
    <ClInclude Include="$(BSP_ROOT)\nRF5x\modules\nrfx\mdk\nrf52833.h">
      <Filter>Header files\Device-specific files\Peripheral Drivers</Filter>
    </ClInclude>
    <ClInclude Include="$(BSP_ROOT)\nRF5x\modules\nrfx\mdk\nrf52833_bitfields.h">
      <Filter>Header files\Device-specific files\Peripheral Drivers</Filter>
    </ClInclude>
    <ClInclude Include="$(BSP_ROOT)\nRF5x\modules\nrfx\mdk\nrf52833_peripherals.h">
      <Filter>Header files\Device-specific files\Peripheral Drivers</Filter>
    </ClInclude>
    <ClInclude Include="$(BSP_ROOT)\nRF5x\modules\nrfx\mdk\nrf52833_to_nrf52820.h">
      <Filter>Header files\Device-specific files\Peripheral Drivers</Filter>
    </ClInclude>
    <ClInclude Include="$(BSP_ROOT)\nRF5x\modules\nrfx\mdk\nrf52840.h">
      <Filter>Header files\Device-specific files\Peripheral Drivers</Filter>
    </ClInclude>
    <ClInclude Include="$(BSP_ROOT)\nRF5x\modules\nrfx\mdk\nrf52840_bitfields.h">
      <Filter>Header files\Device-specific files\Peripheral Drivers</Filter>
    </ClInclude>
    <ClInclude Include="$(BSP_ROOT)\nRF5x\modules\nrfx\mdk\nrf52840_peripherals.h">
      <Filter>Header files\Device-specific files\Peripheral Drivers</Filter>
    </ClInclude>
    <ClInclude Include="$(BSP_ROOT)\nRF5x\modules\nrfx\mdk\nrf52_bitfields.h">
      <Filter>Header files\Device-specific files\Peripheral Drivers</Filter>
    </ClInclude>
    <ClInclude Include="$(BSP_ROOT)\nRF5x\modules\nrfx\mdk\nrf52_erratas.h">
      <Filter>Header files\Device-specific files\Peripheral Drivers</Filter>
    </ClInclude>
    <ClInclude Include="$(BSP_ROOT)\nRF5x\modules\nrfx\mdk\nrf52_name_change.h">
      <Filter>Header files\Device-specific files\Peripheral Drivers</Filter>
    </ClInclude>
    <ClInclude Include="$(BSP_ROOT)\nRF5x\modules\nrfx\mdk\nrf52_to_nrf52810.h">
      <Filter>Header files\Device-specific files\Peripheral Drivers</Filter>
    </ClInclude>
    <ClInclude Include="$(BSP_ROOT)\nRF5x\modules\nrfx\mdk\nrf52_to_nrf52833.h">
      <Filter>Header files\Device-specific files\Peripheral Drivers</Filter>
    </ClInclude>
    <ClInclude Include="$(BSP_ROOT)\nRF5x\modules\nrfx\mdk\nrf52_to_nrf52840.h">
      <Filter>Header files\Device-specific files\Peripheral Drivers</Filter>
    </ClInclude>
    <ClInclude Include="$(BSP_ROOT)\nRF5x\modules\nrfx\mdk\nrf5340_application.h">
      <Filter>Header files\Device-specific files\Peripheral Drivers</Filter>
    </ClInclude>
    <ClInclude Include="$(BSP_ROOT)\nRF5x\modules\nrfx\mdk\nrf5340_application_bitfields.h">
      <Filter>Header files\Device-specific files\Peripheral Drivers</Filter>
    </ClInclude>
    <ClInclude Include="$(BSP_ROOT)\nRF5x\modules\nrfx\mdk\nrf5340_application_peripherals.h">
      <Filter>Header files\Device-specific files\Peripheral Drivers</Filter>
    </ClInclude>
    <ClInclude Include="$(BSP_ROOT)\nRF5x\modules\nrfx\mdk\nrf5340_network.h">
      <Filter>Header files\Device-specific files\Peripheral Drivers</Filter>
    </ClInclude>
    <ClInclude Include="$(BSP_ROOT)\nRF5x\modules\nrfx\mdk\nrf5340_network_bitfields.h">
      <Filter>Header files\Device-specific files\Peripheral Drivers</Filter>
    </ClInclude>
    <ClInclude Include="$(BSP_ROOT)\nRF5x\modules\nrfx\mdk\nrf5340_network_peripherals.h">
      <Filter>Header files\Device-specific files\Peripheral Drivers</Filter>
    </ClInclude>
    <ClInclude Include="$(BSP_ROOT)\nRF5x\modules\nrfx\mdk\nrf53_erratas.h">
      <Filter>Header files\Device-specific files\Peripheral Drivers</Filter>
    </ClInclude>
    <ClInclude Include="$(BSP_ROOT)\nRF5x\modules\nrfx\mdk\nrf9160.h">
      <Filter>Header files\Device-specific files\Peripheral Drivers</Filter>
    </ClInclude>
    <ClInclude Include="$(BSP_ROOT)\nRF5x\modules\nrfx\mdk\nrf9160_bitfields.h">
      <Filter>Header files\Device-specific files\Peripheral Drivers</Filter>
    </ClInclude>
    <ClInclude Include="$(BSP_ROOT)\nRF5x\modules\nrfx\mdk\nrf9160_name_change.h">
      <Filter>Header files\Device-specific files\Peripheral Drivers</Filter>
    </ClInclude>
    <ClInclude Include="$(BSP_ROOT)\nRF5x\modules\nrfx\mdk\nrf9160_peripherals.h">
      <Filter>Header files\Device-specific files\Peripheral Drivers</Filter>
    </ClInclude>
    <ClInclude Include="$(BSP_ROOT)\nRF5x\modules\nrfx\mdk\nrf91_erratas.h">
      <Filter>Header files\Device-specific files\Peripheral Drivers</Filter>
    </ClInclude>
    <ClInclude Include="$(BSP_ROOT)\nRF5x\modules\nrfx\mdk\nrf_erratas.h">
      <Filter>Header files\Device-specific files\Peripheral Drivers</Filter>
    </ClInclude>
    <ClInclude Include="$(BSP_ROOT)\nRF5x\modules\nrfx\mdk\nrf_peripherals.h">
      <Filter>Header files\Device-specific files\Peripheral Drivers</Filter>
    </ClInclude>
    <ClInclude Include="$(BSP_ROOT)\nRF5x\modules\nrfx\mdk\startup_config.h">
      <Filter>Header files\Device-specific files\Peripheral Drivers</Filter>
    </ClInclude>
    <ClInclude Include="$(BSP_ROOT)\nRF5x\modules\nrfx\soc\nrfx_atomic.h">
      <Filter>Header files\Device-specific files\Peripheral Drivers</Filter>
    </ClInclude>
    <ClInclude Include="$(BSP_ROOT)\nRF5x\modules\nrfx\soc\nrfx_atomic_internal.h">
      <Filter>Header files\Device-specific files\Peripheral Drivers</Filter>
    </ClInclude>
    <ClInclude Include="$(BSP_ROOT)\nRF5x\modules\nrfx\soc\nrfx_coredep.h">
      <Filter>Header files\Device-specific files\Peripheral Drivers</Filter>
    </ClInclude>
    <ClInclude Include="$(BSP_ROOT)\nRF5x\modules\nrfx\soc\nrfx_irqs.h">
      <Filter>Header files\Device-specific files\Peripheral Drivers</Filter>
    </ClInclude>
    <ClInclude Include="$(BSP_ROOT)\nRF5x\modules\nrfx\soc\nrfx_irqs_nrf51.h">
      <Filter>Header files\Device-specific files\Peripheral Drivers</Filter>
    </ClInclude>
    <ClInclude Include="$(BSP_ROOT)\nRF5x\modules\nrfx\soc\nrfx_irqs_nrf52810.h">
      <Filter>Header files\Device-specific files\Peripheral Drivers</Filter>
    </ClInclude>
    <ClInclude Include="$(BSP_ROOT)\nRF5x\modules\nrfx\soc\nrfx_irqs_nrf52811.h">
      <Filter>Header files\Device-specific files\Peripheral Drivers</Filter>
    </ClInclude>
    <ClInclude Include="$(BSP_ROOT)\nRF5x\modules\nrfx\soc\nrfx_irqs_nrf52820.h">
      <Filter>Header files\Device-specific files\Peripheral Drivers</Filter>
    </ClInclude>
    <ClInclude Include="$(BSP_ROOT)\nRF5x\modules\nrfx\soc\nrfx_irqs_nrf52832.h">
      <Filter>Header files\Device-specific files\Peripheral Drivers</Filter>
    </ClInclude>
    <ClInclude Include="$(BSP_ROOT)\nRF5x\modules\nrfx\soc\nrfx_irqs_nrf52833.h">
      <Filter>Header files\Device-specific files\Peripheral Drivers</Filter>
    </ClInclude>
    <ClInclude Include="$(BSP_ROOT)\nRF5x\modules\nrfx\soc\nrfx_irqs_nrf52840.h">
      <Filter>Header files\Device-specific files\Peripheral Drivers</Filter>
    </ClInclude>
    <ClInclude Include="$(BSP_ROOT)\nRF5x\modules\nrfx\soc\nrfx_irqs_nrf9160.h">
      <Filter>Header files\Device-specific files\Peripheral Drivers</Filter>
    </ClInclude>
    <ClInclude Include="$(BSP_ROOT)\nRF5x\components\drivers_nrf\twi_master\deprecated\twi_master.h">
      <Filter>Header files\Device-specific files\Peripheral Drivers (Old)</Filter>
    </ClInclude>
    <None Include="NRF52_repeatChar-Debug.vgdbsettings">
      <Filter>VisualGDB settings</Filter>
    </None>
    <None Include="NRF52_repeatChar-Release.vgdbsettings">
      <Filter>VisualGDB settings</Filter>
    </None>
    <None Include="nrf5x.xml">
      <Filter>VisualGDB settings</Filter>
    </None>
    <ClCompile Include="$(BSP_ROOT)\nRF5x\components\ble\ble_advertising\ble_advertising.c">
      <Filter>Source files\Device-specific files\BLE Advertising Module</Filter>
    </ClCompile>
    <ClCompile Include="$(BSP_ROOT)\nRF5x\components\ble\ble_services\ble_bas\ble_bas.c">
      <Filter>Source files\Device-specific files\BLE Battery Service</Filter>
    </ClCompile>
    <ClCompile Include="$(BSP_ROOT)\nRF5x\components\ble\ble_services\ble_bps\ble_bps.c">
      <Filter>Source files\Device-specific files\BLE Blood Pressure Service</Filter>
    </ClCompile>
    <ClCompile Include="$(BSP_ROOT)\nRF5x\components\ble\ble_services\ble_dis\ble_dis.c">
      <Filter>Source files\Device-specific files\BLE Device Information Service</Filter>
    </ClCompile>
    <ClCompile Include="$(BSP_ROOT)\nRF5x\components\ble\nrf_ble_gatt\nrf_ble_gatt.c">
      <Filter>Source files\Device-specific files\GATT</Filter>
    </ClCompile>
    <ClCompile Include="$(BSP_ROOT)\nRF5x\components\ble\peer_manager\auth_status_tracker.c">
      <Filter>Source files\Device-specific files\Peer Manager</Filter>
    </ClCompile>
    <ClCompile Include="$(BSP_ROOT)\nRF5x\components\ble\peer_manager\gatts_cache_manager.c">
      <Filter>Source files\Device-specific files\Peer Manager</Filter>
    </ClCompile>
    <ClCompile Include="$(BSP_ROOT)\nRF5x\components\ble\peer_manager\gatt_cache_manager.c">
      <Filter>Source files\Device-specific files\Peer Manager</Filter>
    </ClCompile>
    <ClCompile Include="$(BSP_ROOT)\nRF5x\components\ble\peer_manager\id_manager.c">
      <Filter>Source files\Device-specific files\Peer Manager</Filter>
    </ClCompile>
    <ClCompile Include="$(BSP_ROOT)\nRF5x\components\ble\peer_manager\nrf_ble_lesc.c">
      <Filter>Source files\Device-specific files\Peer Manager</Filter>
    </ClCompile>
    <ClCompile Include="$(BSP_ROOT)\nRF5x\components\ble\peer_manager\peer_database.c">
      <Filter>Source files\Device-specific files\Peer Manager</Filter>
    </ClCompile>
    <ClCompile Include="$(BSP_ROOT)\nRF5x\components\ble\peer_manager\peer_data_storage.c">
      <Filter>Source files\Device-specific files\Peer Manager</Filter>
    </ClCompile>
    <ClCompile Include="$(BSP_ROOT)\nRF5x\components\ble\peer_manager\peer_id.c">
      <Filter>Source files\Device-specific files\Peer Manager</Filter>
    </ClCompile>
    <ClCompile Include="$(BSP_ROOT)\nRF5x\components\ble\peer_manager\peer_manager.c">
      <Filter>Source files\Device-specific files\Peer Manager</Filter>
    </ClCompile>
    <ClCompile Include="$(BSP_ROOT)\nRF5x\components\ble\peer_manager\peer_manager_handler.c">
      <Filter>Source files\Device-specific files\Peer Manager</Filter>
    </ClCompile>
    <ClCompile Include="$(BSP_ROOT)\nRF5x\components\ble\peer_manager\pm_buffer.c">
      <Filter>Source files\Device-specific files\Peer Manager</Filter>
    </ClCompile>
    <ClCompile Include="$(BSP_ROOT)\nRF5x\components\ble\peer_manager\security_dispatcher.c">
      <Filter>Source files\Device-specific files\Peer Manager</Filter>
    </ClCompile>
    <ClCompile Include="$(BSP_ROOT)\nRF5x\components\ble\peer_manager\security_manager.c">
      <Filter>Source files\Device-specific files\Peer Manager</Filter>
    </ClCompile>
    <ClInclude Include="$(BSP_ROOT)\nRF5x\components\ble\ble_advertising\ble_advertising.h">
      <Filter>Header files\Device-specific files\BLE Advertising Module</Filter>
    </ClInclude>
    <ClInclude Include="$(BSP_ROOT)\nRF5x\components\ble\ble_services\ble_bas\ble_bas.h">
      <Filter>Header files\Device-specific files\BLE Battery Service</Filter>
    </ClInclude>
    <ClInclude Include="$(BSP_ROOT)\nRF5x\components\ble\ble_services\ble_bps\ble_bps.h">
      <Filter>Header files\Device-specific files\BLE Blood Pressure Service</Filter>
    </ClInclude>
    <ClInclude Include="$(BSP_ROOT)\nRF5x\components\ble\ble_services\ble_dis\ble_dis.h">
      <Filter>Header files\Device-specific files\BLE Device Information Service</Filter>
    </ClInclude>
    <ClInclude Include="$(BSP_ROOT)\nRF5x\components\ble\nrf_ble_gatt\nrf_ble_gatt.h">
      <Filter>Header files\Device-specific files\GATT</Filter>
    </ClInclude>
    <ClInclude Include="$(BSP_ROOT)\nRF5x\components\ble\peer_manager\auth_status_tracker.h">
      <Filter>Header files\Device-specific files\Peer Manager</Filter>
    </ClInclude>
    <ClInclude Include="$(BSP_ROOT)\nRF5x\components\ble\peer_manager\gatts_cache_manager.h">
      <Filter>Header files\Device-specific files\Peer Manager</Filter>
    </ClInclude>
    <ClInclude Include="$(BSP_ROOT)\nRF5x\components\ble\peer_manager\gatt_cache_manager.h">
      <Filter>Header files\Device-specific files\Peer Manager</Filter>
    </ClInclude>
    <ClInclude Include="$(BSP_ROOT)\nRF5x\components\ble\peer_manager\id_manager.h">
      <Filter>Header files\Device-specific files\Peer Manager</Filter>
    </ClInclude>
    <ClInclude Include="$(BSP_ROOT)\nRF5x\components\ble\peer_manager\nrf_ble_lesc.h">
      <Filter>Header files\Device-specific files\Peer Manager</Filter>
    </ClInclude>
    <ClInclude Include="$(BSP_ROOT)\nRF5x\components\ble\peer_manager\peer_database.h">
      <Filter>Header files\Device-specific files\Peer Manager</Filter>
    </ClInclude>
    <ClInclude Include="$(BSP_ROOT)\nRF5x\components\ble\peer_manager\peer_data_storage.h">
      <Filter>Header files\Device-specific files\Peer Manager</Filter>
    </ClInclude>
    <ClInclude Include="$(BSP_ROOT)\nRF5x\components\ble\peer_manager\peer_id.h">
      <Filter>Header files\Device-specific files\Peer Manager</Filter>
    </ClInclude>
    <ClInclude Include="$(BSP_ROOT)\nRF5x\components\ble\peer_manager\peer_manager.h">
      <Filter>Header files\Device-specific files\Peer Manager</Filter>
    </ClInclude>
    <ClInclude Include="$(BSP_ROOT)\nRF5x\components\ble\peer_manager\peer_manager_handler.h">
      <Filter>Header files\Device-specific files\Peer Manager</Filter>
    </ClInclude>
    <ClInclude Include="$(BSP_ROOT)\nRF5x\components\ble\peer_manager\peer_manager_internal.h">
      <Filter>Header files\Device-specific files\Peer Manager</Filter>
    </ClInclude>
    <ClInclude Include="$(BSP_ROOT)\nRF5x\components\ble\peer_manager\peer_manager_types.h">
      <Filter>Header files\Device-specific files\Peer Manager</Filter>
    </ClInclude>
    <ClInclude Include="$(BSP_ROOT)\nRF5x\components\ble\peer_manager\pm_buffer.h">
      <Filter>Header files\Device-specific files\Peer Manager</Filter>
    </ClInclude>
    <ClInclude Include="$(BSP_ROOT)\nRF5x\components\ble\peer_manager\security_dispatcher.h">
      <Filter>Header files\Device-specific files\Peer Manager</Filter>
    </ClInclude>
    <ClInclude Include="$(BSP_ROOT)\nRF5x\components\ble\peer_manager\security_manager.h">
      <Filter>Header files\Device-specific files\Peer Manager</Filter>
    </ClInclude>
    <ClCompile Include="$(BSP_ROOT)\nRF5x\components\libraries\fds\fds.c">
      <Filter>Source files\Device-specific files\Libraries</Filter>
    </ClCompile>
    <ClInclude Include="$(BSP_ROOT)\nRF5x\components\libraries\fds\fds.h">
      <Filter>Header files\Device-specific files\Libraries</Filter>
    </ClInclude>
    <ClInclude Include="$(BSP_ROOT)\nRF5x\components\libraries\fds\fds_internal_defs.h">
      <Filter>Header files\Device-specific files\Libraries</Filter>
    </ClInclude>
    <ClCompile Include="$(BSP_ROOT)\nRF5x\components\libraries\fstorage\nrf_fstorage.c">
      <Filter>Source files\Device-specific files\Libraries</Filter>
    </ClCompile>
    <ClCompile Include="$(BSP_ROOT)\nRF5x\components\libraries\fstorage\nrf_fstorage_nvmc.c">
      <Filter>Source files\Device-specific files\Libraries</Filter>
    </ClCompile>
    <ClCompile Include="$(BSP_ROOT)\nRF5x\components\libraries\fstorage\nrf_fstorage_sd.c">
      <Filter>Source files\Device-specific files\Libraries</Filter>
    </ClCompile>
    <ClInclude Include="$(BSP_ROOT)\nRF5x\components\libraries\fstorage\nrf_fstorage.h">
      <Filter>Header files\Device-specific files\Libraries</Filter>
    </ClInclude>
    <ClInclude Include="$(BSP_ROOT)\nRF5x\components\libraries\fstorage\nrf_fstorage_nvmc.h">
      <Filter>Header files\Device-specific files\Libraries</Filter>
    </ClInclude>
    <ClInclude Include="$(BSP_ROOT)\nRF5x\components\libraries\fstorage\nrf_fstorage_sd.h">
      <Filter>Header files\Device-specific files\Libraries</Filter>
    </ClInclude>
  </ItemGroup>
</Project>